### YamlMime:JavaType
uid: "com.azure.resourcemanager.datafactory.models.ScriptActivityScriptBlock"
fullName: "com.azure.resourcemanager.datafactory.models.ScriptActivityScriptBlock"
name: "ScriptActivityScriptBlock"
nameWithType: "ScriptActivityScriptBlock"
summary: "Script block of scripts."
inheritances:
- "<xref href=\"java.lang.Object?displayProperty=fullName\" data-throw-if-not-resolved=\"False\" />"
inheritedMembers:
- "java.lang.Object.clone()"
- "java.lang.Object.equals(java.lang.Object)"
- "java.lang.Object.finalize()"
- "java.lang.Object.getClass()"
- "java.lang.Object.hashCode()"
- "java.lang.Object.notify()"
- "java.lang.Object.notifyAll()"
- "java.lang.Object.toString()"
- "java.lang.Object.wait()"
- "java.lang.Object.wait(long)"
- "java.lang.Object.wait(long,int)"
syntax: "public final class ScriptActivityScriptBlock"
constructors:
- uid: "com.azure.resourcemanager.datafactory.models.ScriptActivityScriptBlock.ScriptActivityScriptBlock()"
  fullName: "com.azure.resourcemanager.datafactory.models.ScriptActivityScriptBlock.ScriptActivityScriptBlock()"
  name: "ScriptActivityScriptBlock()"
  nameWithType: "ScriptActivityScriptBlock.ScriptActivityScriptBlock()"
  syntax: "public ScriptActivityScriptBlock()"
methods:
- uid: "com.azure.resourcemanager.datafactory.models.ScriptActivityScriptBlock.parameters()"
  fullName: "com.azure.resourcemanager.datafactory.models.ScriptActivityScriptBlock.parameters()"
  name: "parameters()"
  nameWithType: "ScriptActivityScriptBlock.parameters()"
  summary: "Get the parameters property: Array of script parameters."
  syntax: "public List<ScriptActivityParameter> parameters()"
  desc: "Get the parameters property: Array of script parameters. Type: array."
  returns:
    description: "the parameters value."
    type: "<xref href=\"java.util.List?alt=java.util.List&text=List\" data-throw-if-not-resolved=\"False\" />&lt;<xref href=\"com.azure.resourcemanager.datafactory.models.ScriptActivityParameter?alt=com.azure.resourcemanager.datafactory.models.ScriptActivityParameter&text=ScriptActivityParameter\" data-throw-if-not-resolved=\"False\" />&gt;"
- uid: "com.azure.resourcemanager.datafactory.models.ScriptActivityScriptBlock.text()"
  fullName: "com.azure.resourcemanager.datafactory.models.ScriptActivityScriptBlock.text()"
  name: "text()"
  nameWithType: "ScriptActivityScriptBlock.text()"
  summary: "Get the text property: The query text."
  syntax: "public Object text()"
  desc: "Get the text property: The query text. Type: string (or Expression with resultType string)."
  returns:
    description: "the text value."
    type: "<xref href=\"java.lang.Object?alt=java.lang.Object&text=Object\" data-throw-if-not-resolved=\"False\" />"
- uid: "com.azure.resourcemanager.datafactory.models.ScriptActivityScriptBlock.type()"
  fullName: "com.azure.resourcemanager.datafactory.models.ScriptActivityScriptBlock.type()"
  name: "type()"
  nameWithType: "ScriptActivityScriptBlock.type()"
  summary: "Get the type property: The type of the query."
  syntax: "public ScriptType type()"
  desc: "Get the type property: The type of the query. Type: string."
  returns:
    description: "the type value."
    type: "<xref href=\"com.azure.resourcemanager.datafactory.models.ScriptType?alt=com.azure.resourcemanager.datafactory.models.ScriptType&text=ScriptType\" data-throw-if-not-resolved=\"False\" />"
- uid: "com.azure.resourcemanager.datafactory.models.ScriptActivityScriptBlock.validate()"
  fullName: "com.azure.resourcemanager.datafactory.models.ScriptActivityScriptBlock.validate()"
  name: "validate()"
  nameWithType: "ScriptActivityScriptBlock.validate()"
  summary: "Validates the instance."
  syntax: "public void validate()"
  desc: "Validates the instance."
- uid: "com.azure.resourcemanager.datafactory.models.ScriptActivityScriptBlock.withParameters(java.util.List<com.azure.resourcemanager.datafactory.models.ScriptActivityParameter>)"
  fullName: "com.azure.resourcemanager.datafactory.models.ScriptActivityScriptBlock.withParameters(List<ScriptActivityParameter> parameters)"
  name: "withParameters(List<ScriptActivityParameter> parameters)"
  nameWithType: "ScriptActivityScriptBlock.withParameters(List<ScriptActivityParameter> parameters)"
  summary: "Set the parameters property: Array of script parameters."
  parameters:
  - description: "the parameters value to set."
    name: "parameters"
    type: "<xref href=\"java.util.List?alt=java.util.List&text=List\" data-throw-if-not-resolved=\"False\" />&lt;<xref href=\"com.azure.resourcemanager.datafactory.models.ScriptActivityParameter?alt=com.azure.resourcemanager.datafactory.models.ScriptActivityParameter&text=ScriptActivityParameter\" data-throw-if-not-resolved=\"False\" />&gt;"
  syntax: "public ScriptActivityScriptBlock withParameters(List<ScriptActivityParameter> parameters)"
  desc: "Set the parameters property: Array of script parameters. Type: array."
  returns:
    description: "the ScriptActivityScriptBlock object itself."
    type: "<xref href=\"com.azure.resourcemanager.datafactory.models.ScriptActivityScriptBlock?alt=com.azure.resourcemanager.datafactory.models.ScriptActivityScriptBlock&text=ScriptActivityScriptBlock\" data-throw-if-not-resolved=\"False\" />"
- uid: "com.azure.resourcemanager.datafactory.models.ScriptActivityScriptBlock.withText(java.lang.Object)"
  fullName: "com.azure.resourcemanager.datafactory.models.ScriptActivityScriptBlock.withText(Object text)"
  name: "withText(Object text)"
  nameWithType: "ScriptActivityScriptBlock.withText(Object text)"
  summary: "Set the text property: The query text."
  parameters:
  - description: "the text value to set."
    name: "text"
    type: "<xref href=\"java.lang.Object?alt=java.lang.Object&text=Object\" data-throw-if-not-resolved=\"False\" />"
  syntax: "public ScriptActivityScriptBlock withText(Object text)"
  desc: "Set the text property: The query text. Type: string (or Expression with resultType string)."
  returns:
    description: "the ScriptActivityScriptBlock object itself."
    type: "<xref href=\"com.azure.resourcemanager.datafactory.models.ScriptActivityScriptBlock?alt=com.azure.resourcemanager.datafactory.models.ScriptActivityScriptBlock&text=ScriptActivityScriptBlock\" data-throw-if-not-resolved=\"False\" />"
- uid: "com.azure.resourcemanager.datafactory.models.ScriptActivityScriptBlock.withType(com.azure.resourcemanager.datafactory.models.ScriptType)"
  fullName: "com.azure.resourcemanager.datafactory.models.ScriptActivityScriptBlock.withType(ScriptType type)"
  name: "withType(ScriptType type)"
  nameWithType: "ScriptActivityScriptBlock.withType(ScriptType type)"
  summary: "Set the type property: The type of the query."
  parameters:
  - description: "the type value to set."
    name: "type"
    type: "<xref href=\"com.azure.resourcemanager.datafactory.models.ScriptType?alt=com.azure.resourcemanager.datafactory.models.ScriptType&text=ScriptType\" data-throw-if-not-resolved=\"False\" />"
  syntax: "public ScriptActivityScriptBlock withType(ScriptType type)"
  desc: "Set the type property: The type of the query. Type: string."
  returns:
    description: "the ScriptActivityScriptBlock object itself."
    type: "<xref href=\"com.azure.resourcemanager.datafactory.models.ScriptActivityScriptBlock?alt=com.azure.resourcemanager.datafactory.models.ScriptActivityScriptBlock&text=ScriptActivityScriptBlock\" data-throw-if-not-resolved=\"False\" />"
type: "class"
desc: "Script block of scripts."
metadata: {}
package: "com.azure.resourcemanager.datafactory.models"
artifact: com.azure.resourcemanager:azure-resourcemanager-datafactory:1.0.0-beta.16
