### YamlMime:JavaType
uid: "com.microsoft.azure.sdk.iot.deps.util.ObjectLock"
fullName: "com.microsoft.azure.sdk.iot.deps.util.ObjectLock"
name: "ObjectLock"
nameWithType: "ObjectLock"
summary: "This class enables mocking of the base class wait and notify functions"
inheritances:
- "<xref href=\"java.lang.Object?displayProperty=fullName\" data-throw-if-not-resolved=\"False\" />"
inheritedClassMethods:
- classRef: "java.lang.<a href=\"https://docs.oracle.com/javase/8/docs/api/java/lang/Object.html\">Object</a>"
  methodsRef:
  - "<a href=\"https://docs.oracle.com/javase/8/docs/api/java/lang/Object.html#clone--\">clone</a>"
  - "<a href=\"https://docs.oracle.com/javase/8/docs/api/java/lang/Object.html#equals-java.lang.Object-\">equals</a>"
  - "<a href=\"https://docs.oracle.com/javase/8/docs/api/java/lang/Object.html#finalize--\">finalize</a>"
  - "<a href=\"https://docs.oracle.com/javase/8/docs/api/java/lang/Object.html#getClass--\">getClass</a>"
  - "<a href=\"https://docs.oracle.com/javase/8/docs/api/java/lang/Object.html#hashCode--\">hashCode</a>"
  - "<a href=\"https://docs.oracle.com/javase/8/docs/api/java/lang/Object.html#notify--\">notify</a>"
  - "<a href=\"https://docs.oracle.com/javase/8/docs/api/java/lang/Object.html#notifyAll--\">notifyAll</a>"
  - "<a href=\"https://docs.oracle.com/javase/8/docs/api/java/lang/Object.html#toString--\">toString</a>"
  - "<a href=\"https://docs.oracle.com/javase/8/docs/api/java/lang/Object.html#wait--\">wait</a>"
  - "<a href=\"https://docs.oracle.com/javase/8/docs/api/java/lang/Object.html#wait-long-\">wait</a>"
  - "<a href=\"https://docs.oracle.com/javase/8/docs/api/java/lang/Object.html#wait-long-int-\">wait</a>"
syntax: "public class **ObjectLock**"
constructors:
- uid: "com.microsoft.azure.sdk.iot.deps.util.ObjectLock.ObjectLock()"
  fullName: "com.microsoft.azure.sdk.iot.deps.util.ObjectLock.ObjectLock()"
  name: "ObjectLock()"
  nameWithType: "ObjectLock.ObjectLock()"
  syntax: "public ObjectLock()"
methods:
- uid: "com.microsoft.azure.sdk.iot.deps.util.ObjectLock.notifyLock()"
  fullName: "com.microsoft.azure.sdk.iot.deps.util.ObjectLock.notifyLock()"
  name: "notifyLock()"
  nameWithType: "ObjectLock.notifyLock()"
  syntax: "public void notifyLock()"
- uid: "com.microsoft.azure.sdk.iot.deps.util.ObjectLock.waitLock(long)"
  fullName: "com.microsoft.azure.sdk.iot.deps.util.ObjectLock.waitLock(long timeout)"
  name: "waitLock(long timeout)"
  nameWithType: "ObjectLock.waitLock(long timeout)"
  parameters:
  - name: "timeout"
    type: "<xref href=\"long?alt=long&text=long\" data-throw-if-not-resolved=\"False\" />"
  syntax: "public void waitLock(long timeout)"
  exceptions:
  - type: "<a href=\"https://docs.oracle.com/javase/8/docs/api/java/lang/InterruptedException.html\">InterruptedException</a>"
type: "class"
desc: "This class enables mocking of the base class wait and notify functions"
metadata: {}
package: "com.microsoft.azure.sdk.iot.deps.util"
artifact: com.microsoft.azure.sdk.iot:iot-deps-preview:1.1.0
