### YamlMime:JavaMember
uid: "com.microsoft.azure.sdk.iot.device.ObjectLock.notifyLock*"
fullName: "com.microsoft.azure.sdk.iot.device.ObjectLock.notifyLock"
name: "notifyLock"
nameWithType: "ObjectLock.notifyLock"
members:
- uid: "com.microsoft.azure.sdk.iot.device.ObjectLock.notifyLock()"
  fullName: "com.microsoft.azure.sdk.iot.device.ObjectLock.notifyLock()"
  name: "notifyLock()"
  nameWithType: "ObjectLock.notifyLock()"
  syntax: "public void notifyLock()"
type: "method"
metadata: {}
package: "com.microsoft.azure.sdk.iot.device"
artifact: com.microsoft.azure.sdk.iot:iot-device-client-preview:1.2.0
