### YamlMime:JavaMember
uid: "com.azure.cosmos.implementation.changefeed.implementation.LeaseStoreManagerImpl.acquireInitializationLock*"
fullName: "com.azure.cosmos.implementation.changefeed.implementation.LeaseStoreManagerImpl.acquireInitializationLock"
name: "acquireInitializationLock"
nameWithType: "LeaseStoreManagerImpl.acquireInitializationLock"
members:
- uid: "com.azure.cosmos.implementation.changefeed.implementation.LeaseStoreManagerImpl.acquireInitializationLock(java.time.Duration)"
  fullName: "com.azure.cosmos.implementation.changefeed.implementation.LeaseStoreManagerImpl.acquireInitializationLock(Duration lockExpirationTime)"
  name: "acquireInitializationLock(Duration lockExpirationTime)"
  nameWithType: "LeaseStoreManagerImpl.acquireInitializationLock(Duration lockExpirationTime)"
  summary: "Places a lock on the lease store for initialization. Only one process may own the store for the lock time."
  parameters:
  - name: "lockExpirationTime"
    type: "<xref href=\"java.time.Duration?alt=java.time.Duration&text=Duration\" data-throw-if-not-resolved=\"False\" />"
  syntax: "public Mono<Boolean> acquireInitializationLock(Duration lockExpirationTime)"
  returns:
    type: "<xref href=\"reactor.core.publisher.Mono?alt=reactor.core.publisher.Mono&text=Mono\" data-throw-if-not-resolved=\"False\" />&lt;<xref href=\"java.lang.Boolean?alt=java.lang.Boolean&text=Boolean\" data-throw-if-not-resolved=\"False\" />&gt;"
type: "method"
metadata: {}
package: "com.azure.cosmos.implementation.changefeed.implementation"
artifact: com.azure:azure-cosmos:4.4.0-beta.1
