### YamlMime:JavaType
uid: "com.azure.ai.agents.persistent.models.MessageInputContentBlock"
fullName: "com.azure.ai.agents.persistent.models.MessageInputContentBlock"
name: "MessageInputContentBlock"
nameWithType: "MessageInputContentBlock"
summary: "Defines a single content block when creating a message."
inheritances:
- "<xref href=\"java.lang.Object?displayProperty=fullName\" data-throw-if-not-resolved=\"False\" />"
inheritedClassMethods:
- classRef: "java.lang.<a href=\"https://docs.oracle.com/javase/8/docs/api/java/lang/Object.html\">Object</a>"
  methodsRef:
  - "<a href=\"https://docs.oracle.com/javase/8/docs/api/java/lang/Object.html#clone--\">clone</a>"
  - "<a href=\"https://docs.oracle.com/javase/8/docs/api/java/lang/Object.html#equals-java.lang.Object-\">equals</a>"
  - "<a href=\"https://docs.oracle.com/javase/8/docs/api/java/lang/Object.html#finalize--\">finalize</a>"
  - "<a href=\"https://docs.oracle.com/javase/8/docs/api/java/lang/Object.html#getClass--\">getClass</a>"
  - "<a href=\"https://docs.oracle.com/javase/8/docs/api/java/lang/Object.html#hashCode--\">hashCode</a>"
  - "<a href=\"https://docs.oracle.com/javase/8/docs/api/java/lang/Object.html#notify--\">notify</a>"
  - "<a href=\"https://docs.oracle.com/javase/8/docs/api/java/lang/Object.html#notifyAll--\">notifyAll</a>"
  - "<a href=\"https://docs.oracle.com/javase/8/docs/api/java/lang/Object.html#toString--\">toString</a>"
  - "<a href=\"https://docs.oracle.com/javase/8/docs/api/java/lang/Object.html#wait--\">wait</a>"
  - "<a href=\"https://docs.oracle.com/javase/8/docs/api/java/lang/Object.html#wait-long-\">wait</a>"
  - "<a href=\"https://docs.oracle.com/javase/8/docs/api/java/lang/Object.html#wait-long-int-\">wait</a>"
syntax: "public class **MessageInputContentBlock**</br> implements <xref href=\"com.azure.json.JsonSerializable?alt=com.azure.json.JsonSerializable&text=JsonSerializable\" data-throw-if-not-resolved=\"False\" />&lt;<xref href=\"com.azure.ai.agents.persistent.models.MessageInputContentBlock?alt=com.azure.ai.agents.persistent.models.MessageInputContentBlock&text=MessageInputContentBlock\" data-throw-if-not-resolved=\"False\" />&gt;"
constructors:
- uid: "com.azure.ai.agents.persistent.models.MessageInputContentBlock.MessageInputContentBlock()"
  fullName: "com.azure.ai.agents.persistent.models.MessageInputContentBlock.MessageInputContentBlock()"
  name: "MessageInputContentBlock()"
  nameWithType: "MessageInputContentBlock.MessageInputContentBlock()"
  summary: "Creates an instance of Message<wbr>Input<wbr>Content<wbr>Block class."
  syntax: "public MessageInputContentBlock()"
  desc: "Creates an instance of MessageInputContentBlock class."
methods:
- uid: "com.azure.ai.agents.persistent.models.MessageInputContentBlock.fromJson(com.azure.json.JsonReader)"
  fullName: "com.azure.ai.agents.persistent.models.MessageInputContentBlock.fromJson(JsonReader jsonReader)"
  name: "fromJson(JsonReader jsonReader)"
  nameWithType: "MessageInputContentBlock.fromJson(JsonReader jsonReader)"
  summary: "Reads an instance of Message<wbr>Input<wbr>Content<wbr>Block from the Json<wbr>Reader."
  modifiers:
  - "static"
  parameters:
  - description: "The JsonReader being read."
    name: "jsonReader"
    type: "<xref href=\"com.azure.json.JsonReader?alt=com.azure.json.JsonReader&text=JsonReader\" data-throw-if-not-resolved=\"False\" />"
  syntax: "public static MessageInputContentBlock fromJson(JsonReader jsonReader)"
  exceptions:
  - description: "If an error occurs while reading the MessageInputContentBlock."
    type: "<a href=\"https://docs.oracle.com/javase/8/docs/api/java/io/IOException.html\">IOException</a>"
  desc: "Reads an instance of MessageInputContentBlock from the JsonReader."
  returns:
    description: "An instance of MessageInputContentBlock if the JsonReader was pointing to an instance of it, or null if\n it was pointing to JSON null."
    type: "<xref href=\"com.azure.ai.agents.persistent.models.MessageInputContentBlock?alt=com.azure.ai.agents.persistent.models.MessageInputContentBlock&text=MessageInputContentBlock\" data-throw-if-not-resolved=\"False\" />"
- uid: "com.azure.ai.agents.persistent.models.MessageInputContentBlock.getType()"
  fullName: "com.azure.ai.agents.persistent.models.MessageInputContentBlock.getType()"
  name: "getType()"
  nameWithType: "MessageInputContentBlock.getType()"
  summary: "Get the type property: Specifies which kind of content block this is (text, image\\_file, image\\_url, etc.)."
  syntax: "public MessageBlockType getType()"
  desc: "Get the type property: Specifies which kind of content block this is (text, image\\_file, image\\_url, etc.)."
  returns:
    description: "the type value."
    type: "<xref href=\"com.azure.ai.agents.persistent.models.MessageBlockType?alt=com.azure.ai.agents.persistent.models.MessageBlockType&text=MessageBlockType\" data-throw-if-not-resolved=\"False\" />"
- uid: "com.azure.ai.agents.persistent.models.MessageInputContentBlock.toJson(com.azure.json.JsonWriter)"
  fullName: "com.azure.ai.agents.persistent.models.MessageInputContentBlock.toJson(JsonWriter jsonWriter)"
  name: "toJson(JsonWriter jsonWriter)"
  nameWithType: "MessageInputContentBlock.toJson(JsonWriter jsonWriter)"
  parameters:
  - name: "jsonWriter"
    type: "<xref href=\"com.azure.json.JsonWriter?alt=com.azure.json.JsonWriter&text=JsonWriter\" data-throw-if-not-resolved=\"False\" />"
  syntax: "public JsonWriter toJson(JsonWriter jsonWriter)"
  exceptions:
  - type: "<a href=\"https://docs.oracle.com/javase/8/docs/api/java/io/IOException.html\">IOException</a>"
  returns:
    type: "<xref href=\"com.azure.json.JsonWriter?alt=com.azure.json.JsonWriter&text=JsonWriter\" data-throw-if-not-resolved=\"False\" />"
type: "class"
desc: "Defines a single content block when creating a message. The 'type' field determines whether it is text, an image file, or an external image URL, etc."
implements:
- "<xref href=\"com.azure.json.JsonSerializable?alt=com.azure.json.JsonSerializable&text=JsonSerializable\" data-throw-if-not-resolved=\"False\" />&lt;<xref href=\"com.azure.ai.agents.persistent.models.MessageInputContentBlock?alt=com.azure.ai.agents.persistent.models.MessageInputContentBlock&text=MessageInputContentBlock\" data-throw-if-not-resolved=\"False\" />&gt;"
metadata: {}
package: "com.azure.ai.agents.persistent.models"
artifact: com.azure:azure-ai-agents-persistent:1.0.0-beta.1
