### YamlMime:JavaType
uid: "com.azure.resourcemanager.avs.models.PrivateCloud.DefinitionStages.WithNetworkBlock"
fullName: "com.azure.resourcemanager.avs.models.PrivateCloud.DefinitionStages.WithNetworkBlock"
name: "PrivateCloud.DefinitionStages.WithNetworkBlock"
nameWithType: "PrivateCloud.DefinitionStages.WithNetworkBlock"
summary: "The stage of the Private<wbr>Cloud definition allowing to specify network<wbr>Block."
syntax: "public static interface PrivateCloud.DefinitionStages.WithNetworkBlock"
methods:
- uid: "com.azure.resourcemanager.avs.models.PrivateCloud.DefinitionStages.WithNetworkBlock.withNetworkBlock(java.lang.String)"
  fullName: "com.azure.resourcemanager.avs.models.PrivateCloud.DefinitionStages.WithNetworkBlock.withNetworkBlock(String networkBlock)"
  name: "withNetworkBlock(String networkBlock)"
  nameWithType: "PrivateCloud.DefinitionStages.WithNetworkBlock.withNetworkBlock(String networkBlock)"
  summary: "Specifies the network<wbr>Block property: The block of addresses should be unique across VNet in your subscription as well as on-premise."
  modifiers:
  - "abstract"
  parameters:
  - description: "The block of addresses should be unique across VNet in your subscription as well as\n     on-premise. Make sure the CIDR format is conformed to (A.B.C.D/X) where A,B,C,D are between 0 and\n     255, and X is between 0 and 22."
    name: "networkBlock"
    type: "<xref href=\"java.lang.String?alt=java.lang.String&text=String\" data-throw-if-not-resolved=\"False\" />"
  syntax: "public abstract PrivateCloud.DefinitionStages.WithCreate withNetworkBlock(String networkBlock)"
  desc: "Specifies the networkBlock property: The block of addresses should be unique across VNet in your subscription as well as on-premise. Make sure the CIDR format is conformed to (A.B.C.D/X) where A,B,C,D are between 0 and 255, and X is between 0 and 22."
  returns:
    description: "the next definition stage."
    type: "<xref href=\"com.azure.resourcemanager.avs.models.PrivateCloud.DefinitionStages.WithCreate?alt=com.azure.resourcemanager.avs.models.PrivateCloud.DefinitionStages.WithCreate&text=WithCreate\" data-throw-if-not-resolved=\"False\" />"
type: "interface"
desc: "The stage of the PrivateCloud definition allowing to specify networkBlock."
metadata: {}
package: "com.azure.resourcemanager.avs.models"
artifact: com.azure.resourcemanager:azure-resourcemanager-avs:1.0.0-beta.3
