### YamlMime:JavaMember
uid: "com.azure.messaging.servicebus.implementation.ManagementChannel.renewMessageLock*"
fullName: "com.azure.messaging.servicebus.implementation.ManagementChannel.renewMessageLock"
name: "renewMessageLock"
nameWithType: "ManagementChannel.renewMessageLock"
members:
- uid: "com.azure.messaging.servicebus.implementation.ManagementChannel.renewMessageLock(java.lang.String,java.lang.String)"
  fullName: "com.azure.messaging.servicebus.implementation.ManagementChannel.renewMessageLock(String lockToken, String associatedLinkName)"
  name: "renewMessageLock(String lockToken, String associatedLinkName)"
  nameWithType: "ManagementChannel.renewMessageLock(String lockToken, String associatedLinkName)"
  summary: "Asynchronously renews the lock on the message specified by the lock token. The lock will be renewed based on the setting specified on the entity. When a message is received in <xref uid=\"com.azure.messaging.servicebus.models.ServiceBusReceiveMode.PEEK_LOCK\" data-throw-if-not-resolved=\"false\" data-raw-source=\"ServiceBusReceiveMode#PEEK_LOCK\"></xref> mode, the message is locked on the server for this receiver instance for a duration as specified during the Queue/Subscription creation (LockDuration). If processing of the message requires longer than this duration, the lock needs to be renewed. For each renewal, the lock is reset to the entity's LockDuration value."
  parameters:
  - name: "lockToken"
    type: "<xref href=\"java.lang.String?alt=java.lang.String&text=String\" data-throw-if-not-resolved=\"False\" />"
  - name: "associatedLinkName"
    type: "<xref href=\"java.lang.String?alt=java.lang.String&text=String\" data-throw-if-not-resolved=\"False\" />"
  syntax: "public Mono<OffsetDateTime> renewMessageLock(String lockToken, String associatedLinkName)"
  returns:
    type: "<xref href=\"reactor.core.publisher.Mono?alt=reactor.core.publisher.Mono&text=Mono\" data-throw-if-not-resolved=\"False\" />&lt;<xref href=\"java.time.OffsetDateTime?alt=java.time.OffsetDateTime&text=OffsetDateTime\" data-throw-if-not-resolved=\"False\" />&gt;"
type: "method"
metadata: {}
package: "com.azure.messaging.servicebus.implementation"
artifact: com.azure:azure-messaging-servicebus:7.2.0-beta.1
