### YamlMime:JavaType
uid: "com.azure.analytics.synapse.artifacts.models.ScriptActivityScriptBlock"
fullName: "com.azure.analytics.synapse.artifacts.models.ScriptActivityScriptBlock"
name: "ScriptActivityScriptBlock"
nameWithType: "ScriptActivityScriptBlock"
summary: "Script block of scripts."
inheritances:
- "<xref href=\"java.lang.Object?displayProperty=fullName\" data-throw-if-not-resolved=\"False\" />"
inheritedMembers:
- "java.lang.Object.clone()"
- "java.lang.Object.equals(java.lang.Object)"
- "java.lang.Object.finalize()"
- "java.lang.Object.getClass()"
- "java.lang.Object.hashCode()"
- "java.lang.Object.notify()"
- "java.lang.Object.notifyAll()"
- "java.lang.Object.toString()"
- "java.lang.Object.wait()"
- "java.lang.Object.wait(long)"
- "java.lang.Object.wait(long,int)"
syntax: "public final class ScriptActivityScriptBlock"
constructors:
- uid: "com.azure.analytics.synapse.artifacts.models.ScriptActivityScriptBlock.ScriptActivityScriptBlock()"
  fullName: "com.azure.analytics.synapse.artifacts.models.ScriptActivityScriptBlock.ScriptActivityScriptBlock()"
  name: "ScriptActivityScriptBlock()"
  nameWithType: "ScriptActivityScriptBlock.ScriptActivityScriptBlock()"
  syntax: "public ScriptActivityScriptBlock()"
methods:
- uid: "com.azure.analytics.synapse.artifacts.models.ScriptActivityScriptBlock.getParameters()"
  fullName: "com.azure.analytics.synapse.artifacts.models.ScriptActivityScriptBlock.getParameters()"
  name: "getParameters()"
  nameWithType: "ScriptActivityScriptBlock.getParameters()"
  summary: "Get the parameters property: Array of script parameters."
  syntax: "public List<ScriptActivityParameter> getParameters()"
  desc: "Get the parameters property: Array of script parameters. Type: array."
  returns:
    description: "the parameters value."
    type: "<xref href=\"java.util.List?alt=java.util.List&text=List\" data-throw-if-not-resolved=\"False\" />&lt;<xref href=\"com.azure.analytics.synapse.artifacts.models.ScriptActivityParameter?alt=com.azure.analytics.synapse.artifacts.models.ScriptActivityParameter&text=ScriptActivityParameter\" data-throw-if-not-resolved=\"False\" />&gt;"
- uid: "com.azure.analytics.synapse.artifacts.models.ScriptActivityScriptBlock.getText()"
  fullName: "com.azure.analytics.synapse.artifacts.models.ScriptActivityScriptBlock.getText()"
  name: "getText()"
  nameWithType: "ScriptActivityScriptBlock.getText()"
  summary: "Get the text property: The query text."
  syntax: "public Object getText()"
  desc: "Get the text property: The query text. Type: string (or Expression with resultType string)."
  returns:
    description: "the text value."
    type: "<xref href=\"java.lang.Object?alt=java.lang.Object&text=Object\" data-throw-if-not-resolved=\"False\" />"
- uid: "com.azure.analytics.synapse.artifacts.models.ScriptActivityScriptBlock.getType()"
  fullName: "com.azure.analytics.synapse.artifacts.models.ScriptActivityScriptBlock.getType()"
  name: "getType()"
  nameWithType: "ScriptActivityScriptBlock.getType()"
  summary: "Get the type property: The type of the query."
  syntax: "public ScriptType getType()"
  desc: "Get the type property: The type of the query. Type: string."
  returns:
    description: "the type value."
    type: "<xref href=\"com.azure.analytics.synapse.artifacts.models.ScriptType?alt=com.azure.analytics.synapse.artifacts.models.ScriptType&text=ScriptType\" data-throw-if-not-resolved=\"False\" />"
- uid: "com.azure.analytics.synapse.artifacts.models.ScriptActivityScriptBlock.setParameters(java.util.List<com.azure.analytics.synapse.artifacts.models.ScriptActivityParameter>)"
  fullName: "com.azure.analytics.synapse.artifacts.models.ScriptActivityScriptBlock.setParameters(List<ScriptActivityParameter> parameters)"
  name: "setParameters(List<ScriptActivityParameter> parameters)"
  nameWithType: "ScriptActivityScriptBlock.setParameters(List<ScriptActivityParameter> parameters)"
  summary: "Set the parameters property: Array of script parameters."
  parameters:
  - description: "the parameters value to set."
    name: "parameters"
    type: "<xref href=\"java.util.List?alt=java.util.List&text=List\" data-throw-if-not-resolved=\"False\" />&lt;<xref href=\"com.azure.analytics.synapse.artifacts.models.ScriptActivityParameter?alt=com.azure.analytics.synapse.artifacts.models.ScriptActivityParameter&text=ScriptActivityParameter\" data-throw-if-not-resolved=\"False\" />&gt;"
  syntax: "public ScriptActivityScriptBlock setParameters(List<ScriptActivityParameter> parameters)"
  desc: "Set the parameters property: Array of script parameters. Type: array."
  returns:
    description: "the ScriptActivityScriptBlock object itself."
    type: "<xref href=\"com.azure.analytics.synapse.artifacts.models.ScriptActivityScriptBlock?alt=com.azure.analytics.synapse.artifacts.models.ScriptActivityScriptBlock&text=ScriptActivityScriptBlock\" data-throw-if-not-resolved=\"False\" />"
- uid: "com.azure.analytics.synapse.artifacts.models.ScriptActivityScriptBlock.setText(java.lang.Object)"
  fullName: "com.azure.analytics.synapse.artifacts.models.ScriptActivityScriptBlock.setText(Object text)"
  name: "setText(Object text)"
  nameWithType: "ScriptActivityScriptBlock.setText(Object text)"
  summary: "Set the text property: The query text."
  parameters:
  - description: "the text value to set."
    name: "text"
    type: "<xref href=\"java.lang.Object?alt=java.lang.Object&text=Object\" data-throw-if-not-resolved=\"False\" />"
  syntax: "public ScriptActivityScriptBlock setText(Object text)"
  desc: "Set the text property: The query text. Type: string (or Expression with resultType string)."
  returns:
    description: "the ScriptActivityScriptBlock object itself."
    type: "<xref href=\"com.azure.analytics.synapse.artifacts.models.ScriptActivityScriptBlock?alt=com.azure.analytics.synapse.artifacts.models.ScriptActivityScriptBlock&text=ScriptActivityScriptBlock\" data-throw-if-not-resolved=\"False\" />"
- uid: "com.azure.analytics.synapse.artifacts.models.ScriptActivityScriptBlock.setType(com.azure.analytics.synapse.artifacts.models.ScriptType)"
  fullName: "com.azure.analytics.synapse.artifacts.models.ScriptActivityScriptBlock.setType(ScriptType type)"
  name: "setType(ScriptType type)"
  nameWithType: "ScriptActivityScriptBlock.setType(ScriptType type)"
  summary: "Set the type property: The type of the query."
  parameters:
  - description: "the type value to set."
    name: "type"
    type: "<xref href=\"com.azure.analytics.synapse.artifacts.models.ScriptType?alt=com.azure.analytics.synapse.artifacts.models.ScriptType&text=ScriptType\" data-throw-if-not-resolved=\"False\" />"
  syntax: "public ScriptActivityScriptBlock setType(ScriptType type)"
  desc: "Set the type property: The type of the query. Type: string."
  returns:
    description: "the ScriptActivityScriptBlock object itself."
    type: "<xref href=\"com.azure.analytics.synapse.artifacts.models.ScriptActivityScriptBlock?alt=com.azure.analytics.synapse.artifacts.models.ScriptActivityScriptBlock&text=ScriptActivityScriptBlock\" data-throw-if-not-resolved=\"False\" />"
type: "class"
desc: "Script block of scripts."
metadata: {}
package: "com.azure.analytics.synapse.artifacts.models"
artifact: com.azure:azure-analytics-synapse-artifacts:1.0.0-beta.10
