### YamlMime:JavaMember
uid: "com.azure.messaging.servicebus.ServiceBusReceiverAsyncClient.renewSessionLock*"
fullName: "com.azure.messaging.servicebus.ServiceBusReceiverAsyncClient.renewSessionLock"
name: "renewSessionLock"
nameWithType: "ServiceBusReceiverAsyncClient.renewSessionLock"
members:
- uid: "com.azure.messaging.servicebus.ServiceBusReceiverAsyncClient.renewSessionLock(java.lang.String)"
  fullName: "com.azure.messaging.servicebus.ServiceBusReceiverAsyncClient.renewSessionLock(String sessionId)"
  name: "renewSessionLock(String sessionId)"
  nameWithType: "ServiceBusReceiverAsyncClient.renewSessionLock(String sessionId)"
  summary: "Renews the session lock."
  parameters:
  - description: "Identifier of session to get."
    name: "sessionId"
    type: "<xref href=\"java.lang.String?alt=java.lang.String&text=String\" data-throw-if-not-resolved=\"False\" />"
  syntax: "public Mono<OffsetDateTime> renewSessionLock(String sessionId)"
  returns:
    description: "The next expiration time for the session lock."
    type: "<xref href=\"reactor.core.publisher.Mono?alt=reactor.core.publisher.Mono&text=Mono\" data-throw-if-not-resolved=\"False\" />&lt;<xref href=\"java.time.OffsetDateTime?alt=java.time.OffsetDateTime&text=OffsetDateTime\" data-throw-if-not-resolved=\"False\" />&gt;"
- uid: "com.azure.messaging.servicebus.ServiceBusReceiverAsyncClient.renewSessionLock(java.lang.String,java.time.Duration)"
  fullName: "com.azure.messaging.servicebus.ServiceBusReceiverAsyncClient.renewSessionLock(String sessionId, Duration maxLockRenewalDuration)"
  name: "renewSessionLock(String sessionId, Duration maxLockRenewalDuration)"
  nameWithType: "ServiceBusReceiverAsyncClient.renewSessionLock(String sessionId, Duration maxLockRenewalDuration)"
  summary: "Starts the auto lock renewal for a session id."
  parameters:
  - description: "Id for the session to renew."
    name: "sessionId"
    type: "<xref href=\"java.lang.String?alt=java.lang.String&text=String\" data-throw-if-not-resolved=\"False\" />"
  - description: "Maximum duration to keep renewing the session lock."
    name: "maxLockRenewalDuration"
    type: "<xref href=\"java.time.Duration?alt=java.time.Duration&text=Duration\" data-throw-if-not-resolved=\"False\" />"
  syntax: "public Mono<Void> renewSessionLock(String sessionId, Duration maxLockRenewalDuration)"
  returns:
    description: "A lock renewal operation for the message."
    type: "<xref href=\"reactor.core.publisher.Mono?alt=reactor.core.publisher.Mono&text=Mono\" data-throw-if-not-resolved=\"False\" />&lt;<xref href=\"java.lang.Void?alt=java.lang.Void&text=Void\" data-throw-if-not-resolved=\"False\" />&gt;"
type: "method"
metadata: {}
package: "com.azure.messaging.servicebus"
artifact: com.azure:azure-messaging-servicebus:7.0.0-beta.6
