### YamlMime:JavaMember
uid: "com.azure.resourcemanager.avs.implementation.PrivateCloudImpl.withNetworkBlock*"
fullName: "com.azure.resourcemanager.avs.implementation.PrivateCloudImpl.withNetworkBlock"
name: "withNetworkBlock"
nameWithType: "PrivateCloudImpl.withNetworkBlock"
members:
- uid: "com.azure.resourcemanager.avs.implementation.PrivateCloudImpl.withNetworkBlock(java.lang.String)"
  fullName: "com.azure.resourcemanager.avs.implementation.PrivateCloudImpl.withNetworkBlock(String networkBlock)"
  name: "withNetworkBlock(String networkBlock)"
  nameWithType: "PrivateCloudImpl.withNetworkBlock(String networkBlock)"
  summary: "Specifies the networkBlock property: The block of addresses should be unique across VNet in your subscription as well as on-premise. Make sure the CIDR format is conformed to (A.B.C.D/X) where A,B,C,D are between 0 and 255, and X is between 0 and 22."
  parameters:
  - name: "networkBlock"
    type: "<xref href=\"java.lang.String?alt=java.lang.String&text=String\" data-throw-if-not-resolved=\"False\" />"
  syntax: "public PrivateCloudImpl withNetworkBlock(String networkBlock)"
  returns:
    type: "<xref href=\"com.azure.resourcemanager.avs.implementation.PrivateCloudImpl?alt=com.azure.resourcemanager.avs.implementation.PrivateCloudImpl&text=PrivateCloudImpl\" data-throw-if-not-resolved=\"False\" />"
type: "method"
metadata: {}
package: "com.azure.resourcemanager.avs.implementation"
artifact: com.azure.resourcemanager:azure-resourcemanager-avs:1.0.0-beta.3
