### YamlMime:JavaMember
uid: "com.azure.messaging.servicebus.ServiceBusReceiverClient.renewMessageLock*"
fullName: "com.azure.messaging.servicebus.ServiceBusReceiverClient.renewMessageLock"
name: "renewMessageLock"
nameWithType: "ServiceBusReceiverClient.renewMessageLock"
members:
- uid: "com.azure.messaging.servicebus.ServiceBusReceiverClient.renewMessageLock(com.azure.messaging.servicebus.ServiceBusReceivedMessage)"
  fullName: "com.azure.messaging.servicebus.ServiceBusReceiverClient.renewMessageLock(ServiceBusReceivedMessage message)"
  name: "renewMessageLock(ServiceBusReceivedMessage message)"
  nameWithType: "ServiceBusReceiverClient.renewMessageLock(ServiceBusReceivedMessage message)"
  summary: "Renews the lock on the specified message. The lock will be renewed based on the setting specified on the entity. When a message is received in <xref uid=\"com.azure.messaging.servicebus.models.ReceiveMode.PEEK_LOCK\" data-throw-if-not-resolved=\"false\" data-raw-source=\"ReceiveMode#PEEK_LOCK\"></xref> mode, the message is locked on the server for this receiver instance for a duration as specified during the Queue creation (LockDuration). If processing of the message requires longer than this duration, the lock needs to be renewed. For each renewal, the lock is reset to the entity's LockDuration value."
  parameters:
  - description: "The <xref uid=\"com.azure.messaging.servicebus.ServiceBusReceivedMessage\" data-throw-if-not-resolved=\"false\" data-raw-source=\"ServiceBusReceivedMessage\"></xref> to perform lock renewal."
    name: "message"
    type: "<xref href=\"com.azure.messaging.servicebus.ServiceBusReceivedMessage?alt=com.azure.messaging.servicebus.ServiceBusReceivedMessage&text=ServiceBusReceivedMessage\" data-throw-if-not-resolved=\"False\" />"
  syntax: "public OffsetDateTime renewMessageLock(ServiceBusReceivedMessage message)"
  returns:
    description: "The new expiration time for the message."
    type: "<xref href=\"java.time.OffsetDateTime?alt=java.time.OffsetDateTime&text=OffsetDateTime\" data-throw-if-not-resolved=\"False\" />"
- uid: "com.azure.messaging.servicebus.ServiceBusReceiverClient.renewMessageLock(com.azure.messaging.servicebus.ServiceBusReceivedMessage,java.time.Duration,java.util.function.Consumer<java.lang.Throwable>)"
  fullName: "com.azure.messaging.servicebus.ServiceBusReceiverClient.renewMessageLock(ServiceBusReceivedMessage message, Duration maxLockRenewalDuration, Consumer<Throwable> onError)"
  name: "renewMessageLock(ServiceBusReceivedMessage message, Duration maxLockRenewalDuration, Consumer<Throwable> onError)"
  nameWithType: "ServiceBusReceiverClient.renewMessageLock(ServiceBusReceivedMessage message, Duration maxLockRenewalDuration, Consumer<Throwable> onError)"
  summary: "Starts the auto lock renewal for a message with the given lock."
  parameters:
  - description: "The <xref uid=\"com.azure.messaging.servicebus.ServiceBusReceivedMessage\" data-throw-if-not-resolved=\"false\" data-raw-source=\"ServiceBusReceivedMessage\"></xref> to perform auto-lock renewal."
    name: "message"
    type: "<xref href=\"com.azure.messaging.servicebus.ServiceBusReceivedMessage?alt=com.azure.messaging.servicebus.ServiceBusReceivedMessage&text=ServiceBusReceivedMessage\" data-throw-if-not-resolved=\"False\" />"
  - description: "Maximum duration to keep renewing the lock token."
    name: "maxLockRenewalDuration"
    type: "<xref href=\"java.time.Duration?alt=java.time.Duration&text=Duration\" data-throw-if-not-resolved=\"False\" />"
  - description: "A function to call when an error occurs during lock renewal."
    name: "onError"
    type: "<xref href=\"java.util.function.Consumer?alt=java.util.function.Consumer&text=Consumer\" data-throw-if-not-resolved=\"False\" />&lt;<xref href=\"java.lang.Throwable?alt=java.lang.Throwable&text=Throwable\" data-throw-if-not-resolved=\"False\" />&gt;"
  syntax: "public void renewMessageLock(ServiceBusReceivedMessage message, Duration maxLockRenewalDuration, Consumer<Throwable> onError)"
type: "method"
metadata: {}
package: "com.azure.messaging.servicebus"
artifact: com.azure:azure-messaging-servicebus:7.0.0-beta.6
