### YamlMime:JavaMember
uid: "com.azure.resourcemanager.datafactory.models.AzureSqlSink.withSqlWriterUseTableLock*"
fullName: "com.azure.resourcemanager.datafactory.models.AzureSqlSink.withSqlWriterUseTableLock"
name: "withSqlWriterUseTableLock"
nameWithType: "AzureSqlSink.withSqlWriterUseTableLock"
members:
- uid: "com.azure.resourcemanager.datafactory.models.AzureSqlSink.withSqlWriterUseTableLock(java.lang.Object)"
  fullName: "com.azure.resourcemanager.datafactory.models.AzureSqlSink.withSqlWriterUseTableLock(Object sqlWriterUseTableLock)"
  name: "withSqlWriterUseTableLock(Object sqlWriterUseTableLock)"
  nameWithType: "AzureSqlSink.withSqlWriterUseTableLock(Object sqlWriterUseTableLock)"
  summary: "Set the sqlWriterUseTableLock property: Whether to use table lock during bulk copy. Type: boolean (or Expression with resultType boolean)."
  parameters:
  - description: "the sqlWriterUseTableLock value to set."
    name: "sqlWriterUseTableLock"
    type: "<xref href=\"java.lang.Object?alt=java.lang.Object&text=Object\" data-throw-if-not-resolved=\"False\" />"
  syntax: "public AzureSqlSink withSqlWriterUseTableLock(Object sqlWriterUseTableLock)"
  returns:
    description: "the AzureSqlSink object itself."
    type: "<xref href=\"com.azure.resourcemanager.datafactory.models.AzureSqlSink?alt=com.azure.resourcemanager.datafactory.models.AzureSqlSink&text=AzureSqlSink\" data-throw-if-not-resolved=\"False\" />"
type: "method"
metadata: {}
package: "com.azure.resourcemanager.datafactory.models"
artifact: com.azure.resourcemanager:azure-resourcemanager-datafactory:1.0.0-beta.9
