### YamlMime:JavaType
uid: "com.azure.analytics.synapse.artifacts.models.ScriptActivityScriptBlock"
fullName: "com.azure.analytics.synapse.artifacts.models.ScriptActivityScriptBlock"
name: "ScriptActivityScriptBlock"
nameWithType: "ScriptActivityScriptBlock"
summary: "Script block of scripts."
inheritances:
- "<xref href=\"java.lang.Object\" data-throw-if-not-resolved=\"False\" />"
inheritedMembers:
- "java.lang.Object.clone()"
- "java.lang.Object.equals(java.lang.Object)"
- "java.lang.Object.finalize()"
- "java.lang.Object.getClass()"
- "java.lang.Object.hashCode()"
- "java.lang.Object.notify()"
- "java.lang.Object.notifyAll()"
- "java.lang.Object.toString()"
- "java.lang.Object.wait()"
- "java.lang.Object.wait(long)"
- "java.lang.Object.wait(long,int)"
syntax: "public final class ScriptActivityScriptBlock"
constructors:
- "com.azure.analytics.synapse.artifacts.models.ScriptActivityScriptBlock.ScriptActivityScriptBlock()"
methods:
- "com.azure.analytics.synapse.artifacts.models.ScriptActivityScriptBlock.getParameters()"
- "com.azure.analytics.synapse.artifacts.models.ScriptActivityScriptBlock.getText()"
- "com.azure.analytics.synapse.artifacts.models.ScriptActivityScriptBlock.getType()"
- "com.azure.analytics.synapse.artifacts.models.ScriptActivityScriptBlock.setParameters(java.util.List<com.azure.analytics.synapse.artifacts.models.ScriptActivityParameter>)"
- "com.azure.analytics.synapse.artifacts.models.ScriptActivityScriptBlock.setText(java.lang.Object)"
- "com.azure.analytics.synapse.artifacts.models.ScriptActivityScriptBlock.setType(com.azure.analytics.synapse.artifacts.models.ScriptType)"
type: "class"
metadata: {}
package: "com.azure.analytics.synapse.artifacts.models"
artifact: com.azure:azure-analytics-synapse-artifacts:1.0.0-beta.9
