### YamlMime:JavaMember
uid: "com.azure.messaging.servicebus.implementation.ManagementChannel.renewSessionLock*"
fullName: "com.azure.messaging.servicebus.implementation.ManagementChannel.renewSessionLock"
name: "renewSessionLock"
nameWithType: "ManagementChannel.renewSessionLock"
members:
- uid: "com.azure.messaging.servicebus.implementation.ManagementChannel.renewSessionLock(java.lang.String,java.lang.String)"
  fullName: "com.azure.messaging.servicebus.implementation.ManagementChannel.renewSessionLock(String sessionId, String associatedLinkName)"
  name: "renewSessionLock(String sessionId, String associatedLinkName)"
  nameWithType: "ManagementChannel.renewSessionLock(String sessionId, String associatedLinkName)"
  summary: "Renews the lock on the session."
  parameters:
  - name: "sessionId"
    type: "<xref href=\"java.lang.String?alt=java.lang.String&text=String\" data-throw-if-not-resolved=\"False\" />"
  - name: "associatedLinkName"
    type: "<xref href=\"java.lang.String?alt=java.lang.String&text=String\" data-throw-if-not-resolved=\"False\" />"
  syntax: "public Mono<OffsetDateTime> renewSessionLock(String sessionId, String associatedLinkName)"
  returns:
    type: "<xref href=\"reactor.core.publisher.Mono?alt=reactor.core.publisher.Mono&text=Mono\" data-throw-if-not-resolved=\"False\" />&lt;<xref href=\"java.time.OffsetDateTime?alt=java.time.OffsetDateTime&text=OffsetDateTime\" data-throw-if-not-resolved=\"False\" />&gt;"
type: "method"
metadata: {}
package: "com.azure.messaging.servicebus.implementation"
artifact: com.azure:azure-messaging-servicebus:7.2.0-beta.1
