### YamlMime:JavaMember
uid: "com.azure.resourcemanager.recoveryservicesbackup.models.AzureStorageContainer.withAcquireStorageAccountLock*"
fullName: "com.azure.resourcemanager.recoveryservicesbackup.models.AzureStorageContainer.withAcquireStorageAccountLock"
name: "withAcquireStorageAccountLock"
nameWithType: "AzureStorageContainer.withAcquireStorageAccountLock"
members:
- uid: "com.azure.resourcemanager.recoveryservicesbackup.models.AzureStorageContainer.withAcquireStorageAccountLock(com.azure.resourcemanager.recoveryservicesbackup.models.AcquireStorageAccountLock)"
  fullName: "com.azure.resourcemanager.recoveryservicesbackup.models.AzureStorageContainer.withAcquireStorageAccountLock(AcquireStorageAccountLock acquireStorageAccountLock)"
  name: "withAcquireStorageAccountLock(AcquireStorageAccountLock acquireStorageAccountLock)"
  nameWithType: "AzureStorageContainer.withAcquireStorageAccountLock(AcquireStorageAccountLock acquireStorageAccountLock)"
  summary: "Set the acquireStorageAccountLock property: Whether storage account lock is to be acquired for this container or not."
  parameters:
  - description: "the acquireStorageAccountLock value to set."
    name: "acquireStorageAccountLock"
    type: "<xref href=\"com.azure.resourcemanager.recoveryservicesbackup.models.AcquireStorageAccountLock?alt=com.azure.resourcemanager.recoveryservicesbackup.models.AcquireStorageAccountLock&text=AcquireStorageAccountLock\" data-throw-if-not-resolved=\"False\" />"
  syntax: "public AzureStorageContainer withAcquireStorageAccountLock(AcquireStorageAccountLock acquireStorageAccountLock)"
  desc: "Set the acquireStorageAccountLock property: Whether storage account lock is to be acquired for this container or not."
  returns:
    description: "the AzureStorageContainer object itself."
    type: "<xref href=\"com.azure.resourcemanager.recoveryservicesbackup.models.AzureStorageContainer?alt=com.azure.resourcemanager.recoveryservicesbackup.models.AzureStorageContainer&text=AzureStorageContainer\" data-throw-if-not-resolved=\"False\" />"
type: "method"
metadata: {}
package: "com.azure.resourcemanager.recoveryservicesbackup.models"
artifact: com.azure.resourcemanager:azure-resourcemanager-recoveryservicesbackup:1.0.0-beta.5
