### YamlMime:JavaType
uid: "com.azure.analytics.defender.easm.models.IpBlock"
fullName: "com.azure.analytics.defender.easm.models.IpBlock"
name: "IpBlock"
nameWithType: "IpBlock"
summary: "The Ip<wbr>Block model."
inheritances:
- "<xref href=\"java.lang.Object?displayProperty=fullName\" data-throw-if-not-resolved=\"False\" />"
inheritedClassMethods:
- classRef: "java.lang.<a href=\"https://docs.oracle.com/javase/8/docs/api/java/lang/Object.html\">Object</a>"
  methodsRef:
  - "<a href=\"https://docs.oracle.com/javase/8/docs/api/java/lang/Object.html#clone--\">clone</a>"
  - "<a href=\"https://docs.oracle.com/javase/8/docs/api/java/lang/Object.html#equals-java.lang.Object-\">equals</a>"
  - "<a href=\"https://docs.oracle.com/javase/8/docs/api/java/lang/Object.html#finalize--\">finalize</a>"
  - "<a href=\"https://docs.oracle.com/javase/8/docs/api/java/lang/Object.html#getClass--\">getClass</a>"
  - "<a href=\"https://docs.oracle.com/javase/8/docs/api/java/lang/Object.html#hashCode--\">hashCode</a>"
  - "<a href=\"https://docs.oracle.com/javase/8/docs/api/java/lang/Object.html#notify--\">notify</a>"
  - "<a href=\"https://docs.oracle.com/javase/8/docs/api/java/lang/Object.html#notifyAll--\">notifyAll</a>"
  - "<a href=\"https://docs.oracle.com/javase/8/docs/api/java/lang/Object.html#toString--\">toString</a>"
  - "<a href=\"https://docs.oracle.com/javase/8/docs/api/java/lang/Object.html#wait--\">wait</a>"
  - "<a href=\"https://docs.oracle.com/javase/8/docs/api/java/lang/Object.html#wait-long-\">wait</a>"
  - "<a href=\"https://docs.oracle.com/javase/8/docs/api/java/lang/Object.html#wait-long-int-\">wait</a>"
syntax: "public final class **IpBlock**"
methods:
- uid: "com.azure.analytics.defender.easm.models.IpBlock.getCount()"
  fullName: "com.azure.analytics.defender.easm.models.IpBlock.getCount()"
  name: "getCount()"
  nameWithType: "IpBlock.getCount()"
  summary: "Get the count property: The count property."
  syntax: "public Long getCount()"
  desc: "Get the count property: The count property."
  returns:
    description: "the count value."
    type: "<a href=\"https://docs.oracle.com/javase/8/docs/api/java/lang/Long.html\">Long</a>"
- uid: "com.azure.analytics.defender.easm.models.IpBlock.getFirstSeen()"
  fullName: "com.azure.analytics.defender.easm.models.IpBlock.getFirstSeen()"
  name: "getFirstSeen()"
  nameWithType: "IpBlock.getFirstSeen()"
  summary: "Get the first<wbr>Seen property: The first<wbr>Seen property."
  syntax: "public OffsetDateTime getFirstSeen()"
  desc: "Get the firstSeen property: The firstSeen property."
  returns:
    description: "the firstSeen value."
    type: "<a href=\"https://docs.oracle.com/javase/8/docs/api/java/time/OffsetDateTime.html\">OffsetDateTime</a>"
- uid: "com.azure.analytics.defender.easm.models.IpBlock.getIpBlock()"
  fullName: "com.azure.analytics.defender.easm.models.IpBlock.getIpBlock()"
  name: "getIpBlock()"
  nameWithType: "IpBlock.getIpBlock()"
  summary: "Get the ip<wbr>Block property: The ip<wbr>Block property."
  syntax: "public String getIpBlock()"
  desc: "Get the ipBlock property: The ipBlock property."
  returns:
    description: "the ipBlock value."
    type: "<a href=\"https://docs.oracle.com/javase/8/docs/api/java/lang/String.html\">String</a>"
- uid: "com.azure.analytics.defender.easm.models.IpBlock.getLastSeen()"
  fullName: "com.azure.analytics.defender.easm.models.IpBlock.getLastSeen()"
  name: "getLastSeen()"
  nameWithType: "IpBlock.getLastSeen()"
  summary: "Get the last<wbr>Seen property: The last<wbr>Seen property."
  syntax: "public OffsetDateTime getLastSeen()"
  desc: "Get the lastSeen property: The lastSeen property."
  returns:
    description: "the lastSeen value."
    type: "<a href=\"https://docs.oracle.com/javase/8/docs/api/java/time/OffsetDateTime.html\">OffsetDateTime</a>"
- uid: "com.azure.analytics.defender.easm.models.IpBlock.getSources()"
  fullName: "com.azure.analytics.defender.easm.models.IpBlock.getSources()"
  name: "getSources()"
  nameWithType: "IpBlock.getSources()"
  summary: "Get the sources property: The sources property."
  syntax: "public List<Source> getSources()"
  desc: "Get the sources property: The sources property."
  returns:
    description: "the sources value."
    type: "<a href=\"https://docs.oracle.com/javase/8/docs/api/java/util/List.html\">List</a>&lt;<xref href=\"com.azure.analytics.defender.easm.models.Source?alt=com.azure.analytics.defender.easm.models.Source&text=Source\" data-throw-if-not-resolved=\"False\" />&gt;"
- uid: "com.azure.analytics.defender.easm.models.IpBlock.isRecent()"
  fullName: "com.azure.analytics.defender.easm.models.IpBlock.isRecent()"
  name: "isRecent()"
  nameWithType: "IpBlock.isRecent()"
  summary: "Get the recent property: The recent property."
  syntax: "public Boolean isRecent()"
  desc: "Get the recent property: The recent property."
  returns:
    description: "the recent value."
    type: "<a href=\"https://docs.oracle.com/javase/8/docs/api/java/lang/Boolean.html\">Boolean</a>"
type: "class"
desc: "The IpBlock model."
metadata: {}
package: "com.azure.analytics.defender.easm.models"
artifact: com.azure:azure-analytics-defender-easm:1.0.0-beta.1
