### YamlMime:JavaMember
uid: "com.microsoft.azure.sdk.iot.device.transport.mqtt.Mqtt.incomingLock*"
fullName: "com.microsoft.azure.sdk.iot.device.transport.mqtt.Mqtt.incomingLock"
name: "incomingLock"
nameWithType: "Mqtt.incomingLock"
members:
- uid: "com.microsoft.azure.sdk.iot.device.transport.mqtt.Mqtt.incomingLock"
  fullName: "com.microsoft.azure.sdk.iot.device.transport.mqtt.Mqtt.incomingLock"
  name: "incomingLock"
  nameWithType: "Mqtt.incomingLock"
  syntax: "protected final Object incomingLock"
type: "field"
metadata: {}
package: "com.microsoft.azure.sdk.iot.device.transport.mqtt"
artifact: com.microsoft.azure.sdk.iot:iot-device-client-preview:1.2.0
