### YamlMime:JavaMember
uid: "com.azure.resourcemanager.avs.fluent.models.WorkloadNetworkPublicIpInner.publicIpBlock*"
fullName: "com.azure.resourcemanager.avs.fluent.models.WorkloadNetworkPublicIpInner.publicIpBlock"
name: "publicIpBlock"
nameWithType: "WorkloadNetworkPublicIpInner.publicIpBlock"
members:
- uid: "com.azure.resourcemanager.avs.fluent.models.WorkloadNetworkPublicIpInner.publicIpBlock()"
  fullName: "com.azure.resourcemanager.avs.fluent.models.WorkloadNetworkPublicIpInner.publicIpBlock()"
  name: "publicIpBlock()"
  nameWithType: "WorkloadNetworkPublicIpInner.publicIpBlock()"
  summary: "Get the publicIpBlock property: CIDR Block of the Public IP Block."
  syntax: "public String publicIpBlock()"
  returns:
    description: "the publicIpBlock value."
    type: "<xref href=\"java.lang.String?alt=java.lang.String&text=String\" data-throw-if-not-resolved=\"False\" />"
type: "method"
metadata: {}
package: "com.azure.resourcemanager.avs.fluent.models"
artifact: com.azure.resourcemanager:azure-resourcemanager-avs:1.0.0-beta.3
