### YamlMime:JavaType
uid: "com.microsoft.azure.sdk.iot.device.ObjectLock"
fullName: "com.microsoft.azure.sdk.iot.device.ObjectLock"
name: "ObjectLock"
nameWithType: "ObjectLock"
summary: "This class enables mocking of the base class wait and notify functions"
inheritances:
- "<xref href=\"java.lang.Object?displayProperty=fullName\" data-throw-if-not-resolved=\"False\" />"
inheritedMembers:
- "java.lang.Object.clone()"
- "java.lang.Object.equals(java.lang.Object)"
- "java.lang.Object.finalize()"
- "java.lang.Object.getClass()"
- "java.lang.Object.hashCode()"
- "java.lang.Object.notify()"
- "java.lang.Object.notifyAll()"
- "java.lang.Object.toString()"
- "java.lang.Object.wait()"
- "java.lang.Object.wait(long)"
- "java.lang.Object.wait(long,int)"
syntax: "public class ObjectLock"
constructors:
- uid: "com.microsoft.azure.sdk.iot.device.ObjectLock.ObjectLock()"
  fullName: "com.microsoft.azure.sdk.iot.device.ObjectLock.ObjectLock()"
  name: "ObjectLock()"
  nameWithType: "ObjectLock.ObjectLock()"
  syntax: "public ObjectLock()"
methods:
- uid: "com.microsoft.azure.sdk.iot.device.ObjectLock.notifyLock()"
  fullName: "com.microsoft.azure.sdk.iot.device.ObjectLock.notifyLock()"
  name: "notifyLock()"
  nameWithType: "ObjectLock.notifyLock()"
  syntax: "public void notifyLock()"
- uid: "com.microsoft.azure.sdk.iot.device.ObjectLock.waitLock(long)"
  fullName: "com.microsoft.azure.sdk.iot.device.ObjectLock.waitLock(long timeout)"
  name: "waitLock(long timeout)"
  nameWithType: "ObjectLock.waitLock(long timeout)"
  parameters:
  - name: "timeout"
    type: "<xref href=\"long?alt=long&text=long\" data-throw-if-not-resolved=\"False\" />"
  syntax: "public void waitLock(long timeout)"
  exceptions:
  - type: "<xref href=\"java.lang.InterruptedException?alt=java.lang.InterruptedException&text=InterruptedException\" data-throw-if-not-resolved=\"False\" />"
type: "class"
desc: "This class enables mocking of the base class wait and notify functions"
metadata: {}
package: "com.microsoft.azure.sdk.iot.device"
artifact: com.microsoft.azure.sdk.iot:iot-device-client-preview:1.2.0
