### YamlMime:JavaMember
uid: "com.azure.analytics.synapse.artifacts.models.ScriptActivityScriptBlock.ScriptActivityScriptBlock*"
fullName: "com.azure.analytics.synapse.artifacts.models.ScriptActivityScriptBlock.ScriptActivityScriptBlock"
name: "ScriptActivityScriptBlock"
nameWithType: "ScriptActivityScriptBlock.ScriptActivityScriptBlock"
members:
- uid: "com.azure.analytics.synapse.artifacts.models.ScriptActivityScriptBlock.ScriptActivityScriptBlock()"
  fullName: "com.azure.analytics.synapse.artifacts.models.ScriptActivityScriptBlock.ScriptActivityScriptBlock()"
  name: "ScriptActivityScriptBlock()"
  nameWithType: "ScriptActivityScriptBlock.ScriptActivityScriptBlock()"
  syntax: "public ScriptActivityScriptBlock()"
type: "constructor"
metadata: {}
package: "com.azure.analytics.synapse.artifacts.models"
artifact: com.azure:azure-analytics-synapse-artifacts:1.0.0-beta.9
