### YamlMime:JavaMember
uid: "com.azure.resourcemanager.machinelearning.models.DiagnoseRequestProperties.withResourceLock*"
fullName: "com.azure.resourcemanager.machinelearning.models.DiagnoseRequestProperties.withResourceLock"
name: "withResourceLock"
nameWithType: "DiagnoseRequestProperties.withResourceLock"
members:
- uid: "com.azure.resourcemanager.machinelearning.models.DiagnoseRequestProperties.withResourceLock(java.util.Map<java.lang.String,java.lang.Object>)"
  fullName: "com.azure.resourcemanager.machinelearning.models.DiagnoseRequestProperties.withResourceLock(Map<String,Object> resourceLock)"
  name: "withResourceLock(Map<String,Object> resourceLock)"
  nameWithType: "DiagnoseRequestProperties.withResourceLock(Map<String,Object> resourceLock)"
  summary: "Set the resourceLock property: Setting for diagnosing resource lock."
  parameters:
  - description: "the resourceLock value to set."
    name: "resourceLock"
    type: "<xref href=\"java.util.Map?alt=java.util.Map&text=Map\" data-throw-if-not-resolved=\"False\" />&lt;<xref href=\"java.lang.String?alt=java.lang.String&text=String\" data-throw-if-not-resolved=\"False\" />,<xref href=\"java.lang.Object?alt=java.lang.Object&text=Object\" data-throw-if-not-resolved=\"False\" />&gt;"
  syntax: "public DiagnoseRequestProperties withResourceLock(Map<String,Object> resourceLock)"
  desc: "Set the resourceLock property: Setting for diagnosing resource lock."
  returns:
    description: "the DiagnoseRequestProperties object itself."
    type: "<xref href=\"com.azure.resourcemanager.machinelearning.models.DiagnoseRequestProperties?alt=com.azure.resourcemanager.machinelearning.models.DiagnoseRequestProperties&text=DiagnoseRequestProperties\" data-throw-if-not-resolved=\"False\" />"
type: "method"
metadata: {}
package: "com.azure.resourcemanager.machinelearning.models"
artifact: com.azure.resourcemanager:azure-resourcemanager-machinelearning:1.0.0-beta.2
