### YamlMime:JavaMember
uid: "com.azure.resourcemanager.recoveryservicesbackup.models.AzureStorageContainer.acquireStorageAccountLock*"
fullName: "com.azure.resourcemanager.recoveryservicesbackup.models.AzureStorageContainer.acquireStorageAccountLock"
name: "acquireStorageAccountLock"
nameWithType: "AzureStorageContainer.acquireStorageAccountLock"
members:
- uid: "com.azure.resourcemanager.recoveryservicesbackup.models.AzureStorageContainer.acquireStorageAccountLock()"
  fullName: "com.azure.resourcemanager.recoveryservicesbackup.models.AzureStorageContainer.acquireStorageAccountLock()"
  name: "acquireStorageAccountLock()"
  nameWithType: "AzureStorageContainer.acquireStorageAccountLock()"
  summary: "Get the acquireStorageAccountLock property: Whether storage account lock is to be acquired for this container or not."
  syntax: "public AcquireStorageAccountLock acquireStorageAccountLock()"
  returns:
    description: "the acquireStorageAccountLock value."
    type: "<xref href=\"com.azure.resourcemanager.recoveryservicesbackup.models.AcquireStorageAccountLock?alt=com.azure.resourcemanager.recoveryservicesbackup.models.AcquireStorageAccountLock&text=AcquireStorageAccountLock\" data-throw-if-not-resolved=\"False\" />"
type: "method"
metadata: {}
package: "com.azure.resourcemanager.recoveryservicesbackup.models"
artifact: com.azure.resourcemanager:azure-resourcemanager-recoveryservicesbackup:1.0.0-beta.3
