### YamlMime:JavaMember
uid: "com.azure.storage.blob.models.Block.Block*"
fullName: "com.azure.storage.blob.models.Block.Block"
name: "Block"
nameWithType: "Block.Block"
members:
- uid: "com.azure.storage.blob.models.Block.Block()"
  fullName: "com.azure.storage.blob.models.Block.Block()"
  name: "Block()"
  nameWithType: "Block.Block()"
  syntax: "public Block()"
type: "constructor"
metadata: {}
package: "com.azure.storage.blob.models"
artifact: com.azure:azure-storage-blob:12.9.0-beta.1
