### YamlMime:JavaMember
uid: "com.azure.resourcemanager.avs.implementation.WorkloadNetworkPublicIpImpl.publicIpBlock*"
fullName: "com.azure.resourcemanager.avs.implementation.WorkloadNetworkPublicIpImpl.publicIpBlock"
name: "publicIpBlock"
nameWithType: "WorkloadNetworkPublicIpImpl.publicIpBlock"
members:
- uid: "com.azure.resourcemanager.avs.implementation.WorkloadNetworkPublicIpImpl.publicIpBlock()"
  fullName: "com.azure.resourcemanager.avs.implementation.WorkloadNetworkPublicIpImpl.publicIpBlock()"
  name: "publicIpBlock()"
  nameWithType: "WorkloadNetworkPublicIpImpl.publicIpBlock()"
  summary: "Gets the publicIpBlock property: CIDR Block of the Public IP Block."
  syntax: "public String publicIpBlock()"
  returns:
    type: "<xref href=\"java.lang.String?alt=java.lang.String&text=String\" data-throw-if-not-resolved=\"False\" />"
type: "method"
metadata: {}
package: "com.azure.resourcemanager.avs.implementation"
artifact: com.azure.resourcemanager:azure-resourcemanager-avs:1.0.0-beta.3
