### YamlMime:JavaType
uid: "com.azure.ai.vision.imageanalysis.models.DetectedTextBlock"
fullName: "com.azure.ai.vision.imageanalysis.models.DetectedTextBlock"
name: "DetectedTextBlock"
nameWithType: "DetectedTextBlock"
summary: "Represents a single block of detected text in the image."
inheritances:
- "<xref href=\"java.lang.Object?displayProperty=fullName\" data-throw-if-not-resolved=\"False\" />"
inheritedClassMethods:
- classRef: "java.lang.<a href=\"https://docs.oracle.com/javase/8/docs/api/java/lang/Object.html\">Object</a>"
  methodsRef:
  - "<a href=\"https://docs.oracle.com/javase/8/docs/api/java/lang/Object.html#clone--\">clone</a>"
  - "<a href=\"https://docs.oracle.com/javase/8/docs/api/java/lang/Object.html#equals-java.lang.Object-\">equals</a>"
  - "<a href=\"https://docs.oracle.com/javase/8/docs/api/java/lang/Object.html#finalize--\">finalize</a>"
  - "<a href=\"https://docs.oracle.com/javase/8/docs/api/java/lang/Object.html#getClass--\">getClass</a>"
  - "<a href=\"https://docs.oracle.com/javase/8/docs/api/java/lang/Object.html#hashCode--\">hashCode</a>"
  - "<a href=\"https://docs.oracle.com/javase/8/docs/api/java/lang/Object.html#notify--\">notify</a>"
  - "<a href=\"https://docs.oracle.com/javase/8/docs/api/java/lang/Object.html#notifyAll--\">notifyAll</a>"
  - "<a href=\"https://docs.oracle.com/javase/8/docs/api/java/lang/Object.html#toString--\">toString</a>"
  - "<a href=\"https://docs.oracle.com/javase/8/docs/api/java/lang/Object.html#wait--\">wait</a>"
  - "<a href=\"https://docs.oracle.com/javase/8/docs/api/java/lang/Object.html#wait-long-\">wait</a>"
  - "<a href=\"https://docs.oracle.com/javase/8/docs/api/java/lang/Object.html#wait-long-int-\">wait</a>"
syntax: "public final class **DetectedTextBlock**"
methods:
- uid: "com.azure.ai.vision.imageanalysis.models.DetectedTextBlock.getLines()"
  fullName: "com.azure.ai.vision.imageanalysis.models.DetectedTextBlock.getLines()"
  name: "getLines()"
  nameWithType: "DetectedTextBlock.getLines()"
  summary: "Get the lines property: A list of text lines in this block."
  syntax: "public List<DetectedTextLine> getLines()"
  desc: "Get the lines property: A list of text lines in this block."
  returns:
    description: "the lines value."
    type: "<a href=\"https://docs.oracle.com/javase/8/docs/api/java/util/List.html\">List</a>&lt;<xref href=\"com.azure.ai.vision.imageanalysis.models.DetectedTextLine?alt=com.azure.ai.vision.imageanalysis.models.DetectedTextLine&text=DetectedTextLine\" data-throw-if-not-resolved=\"False\" />&gt;"
type: "class"
desc: "Represents a single block of detected text in the image."
metadata: {}
package: "com.azure.ai.vision.imageanalysis.models"
artifact: com.azure:azure-ai-vision-imageanalysis:1.0.0-beta.1
