### YamlMime:JavaMember
uid: "com.azure.messaging.servicebus.ServiceBusReceiverAsyncClient.renewMessageLock*"
fullName: "com.azure.messaging.servicebus.ServiceBusReceiverAsyncClient.renewMessageLock"
name: "renewMessageLock"
nameWithType: "ServiceBusReceiverAsyncClient.renewMessageLock"
members:
- uid: "com.azure.messaging.servicebus.ServiceBusReceiverAsyncClient.renewMessageLock(com.azure.messaging.servicebus.ServiceBusReceivedMessage)"
  fullName: "com.azure.messaging.servicebus.ServiceBusReceiverAsyncClient.renewMessageLock(ServiceBusReceivedMessage message)"
  name: "renewMessageLock(ServiceBusReceivedMessage message)"
  nameWithType: "ServiceBusReceiverAsyncClient.renewMessageLock(ServiceBusReceivedMessage message)"
  summary: "Asynchronously renews the lock on the message. The lock will be renewed based on the setting specified on the entity. When a message is received in <xref uid=\"com.azure.messaging.servicebus.models.ReceiveMode.PEEK_LOCK\" data-throw-if-not-resolved=\"false\" data-raw-source=\"ReceiveMode#PEEK_LOCK\"></xref> mode, the message is locked on the server for this receiver instance for a duration as specified during the entity creation (LockDuration). If processing of the message requires longer than this duration, the lock needs to be renewed. For each renewal, the lock is reset to the entity's LockDuration value."
  parameters:
  - description: "The <xref uid=\"com.azure.messaging.servicebus.ServiceBusReceivedMessage\" data-throw-if-not-resolved=\"false\" data-raw-source=\"ServiceBusReceivedMessage\"></xref> to perform auto-lock renewal."
    name: "message"
    type: "<xref href=\"com.azure.messaging.servicebus.ServiceBusReceivedMessage?alt=com.azure.messaging.servicebus.ServiceBusReceivedMessage&text=ServiceBusReceivedMessage\" data-throw-if-not-resolved=\"False\" />"
  syntax: "public Mono<OffsetDateTime> renewMessageLock(ServiceBusReceivedMessage message)"
  returns:
    description: "The new expiration time for the message."
    type: "<xref href=\"reactor.core.publisher.Mono?alt=reactor.core.publisher.Mono&text=Mono\" data-throw-if-not-resolved=\"False\" />&lt;<xref href=\"java.time.OffsetDateTime?alt=java.time.OffsetDateTime&text=OffsetDateTime\" data-throw-if-not-resolved=\"False\" />&gt;"
- uid: "com.azure.messaging.servicebus.ServiceBusReceiverAsyncClient.renewMessageLock(com.azure.messaging.servicebus.ServiceBusReceivedMessage,java.time.Duration)"
  fullName: "com.azure.messaging.servicebus.ServiceBusReceiverAsyncClient.renewMessageLock(ServiceBusReceivedMessage message, Duration maxLockRenewalDuration)"
  name: "renewMessageLock(ServiceBusReceivedMessage message, Duration maxLockRenewalDuration)"
  nameWithType: "ServiceBusReceiverAsyncClient.renewMessageLock(ServiceBusReceivedMessage message, Duration maxLockRenewalDuration)"
  summary: "Starts the auto lock renewal for a <xref uid=\"com.azure.messaging.servicebus.ServiceBusReceivedMessage\" data-throw-if-not-resolved=\"false\" data-raw-source=\"message\"></xref>."
  parameters:
  - description: "The <xref uid=\"com.azure.messaging.servicebus.ServiceBusReceivedMessage\" data-throw-if-not-resolved=\"false\" data-raw-source=\"ServiceBusReceivedMessage\"></xref> to perform this operation."
    name: "message"
    type: "<xref href=\"com.azure.messaging.servicebus.ServiceBusReceivedMessage?alt=com.azure.messaging.servicebus.ServiceBusReceivedMessage&text=ServiceBusReceivedMessage\" data-throw-if-not-resolved=\"False\" />"
  - description: "Maximum duration to keep renewing the lock token."
    name: "maxLockRenewalDuration"
    type: "<xref href=\"java.time.Duration?alt=java.time.Duration&text=Duration\" data-throw-if-not-resolved=\"False\" />"
  syntax: "public Mono<Void> renewMessageLock(ServiceBusReceivedMessage message, Duration maxLockRenewalDuration)"
  returns:
    description: "A lock renewal operation for the message."
    type: "<xref href=\"reactor.core.publisher.Mono?alt=reactor.core.publisher.Mono&text=Mono\" data-throw-if-not-resolved=\"False\" />&lt;<xref href=\"java.lang.Void?alt=java.lang.Void&text=Void\" data-throw-if-not-resolved=\"False\" />&gt;"
type: "method"
metadata: {}
package: "com.azure.messaging.servicebus"
artifact: com.azure:azure-messaging-servicebus:7.0.0-beta.6
