### YamlMime:JavaMember
uid: "org.apache.hc.core5.reactor.IOSession.getLock*"
fullName: "org.apache.hc.core5.reactor.IOSession.getLock"
name: "getLock"
nameWithType: "IOSession.getLock"
members:
- uid: "org.apache.hc.core5.reactor.IOSession.getLock()"
  fullName: "org.apache.hc.core5.reactor.IOSession.getLock()"
  name: "getLock()"
  nameWithType: "IOSession.getLock()"
  summary: "Returns session lock that should be used by I/O event handlers to synchronize access to the session."
  syntax: "public abstract Lock getLock()"
  returns:
    type: "<xref href=\"java.util.concurrent.locks.Lock?alt=java.util.concurrent.locks.Lock&text=Lock\" data-throw-if-not-resolved=\"False\" />"
type: "method"
metadata: {}
package: "org.apache.hc.core5.reactor"
artifact: com.azure:azure-security-keyvault-jca:1.0.0-beta.2
