### YamlMime:JavaMember
nameWithType: IotHubTransport.getReceiveThreadLock
type: method
members:
- fullName: com.microsoft.azure.sdk.iot.device.transport.IotHubTransport.getReceiveThreadLock()
  name: getReceiveThreadLock()
  nameWithType: IotHubTransport.getReceiveThreadLock()
  returns:
    type: <xref href="Object?alt=Object&text=Object" data-throw-if-not-resolved="False"/>
  syntax: public Object getReceiveThreadLock()
  uid: com.microsoft.azure.sdk.iot.device.transport.IotHubTransport.getReceiveThreadLock()
uid: com.microsoft.azure.sdk.iot.device.transport.IotHubTransport.getReceiveThreadLock*
fullName: com.microsoft.azure.sdk.iot.device.transport.IotHubTransport.getReceiveThreadLock
name: getReceiveThreadLock()
package: com.microsoft.azure.sdk.iot.device.transport
metadata: {}
