### YamlMime:JavaMember
nameWithType: QueryIterable<T>.fetchNextBlock
type: method
members:
- fullName: com.microsoft.azure.documentdb.QueryIterable<T extends Resource>.fetchNextBlock()
  name: fetchNextBlock()
  nameWithType: QueryIterable<T>.fetchNextBlock()
  exceptions:
  - type: <xref href="DocumentClientException?alt=DocumentClientException&text=DocumentClientException" data-throw-if-not-resolved="False"/>
    description: <p>the document client exception. </p>
  returns:
    description: <p>the list of fetched resources. </p>
    type: <xref href="List%3CT%3E?alt=List%3CT%3E&text=List%3CT%3E" data-throw-if-not-resolved="False"/>
  summary: >-
    <p>Fetch the next block of query results.</p>

    <p></p>
  syntax: public List<T> fetchNextBlock()
  uid: com.microsoft.azure.documentdb.QueryIterable.fetchNextBlock()
uid: com.microsoft.azure.documentdb.QueryIterable.fetchNextBlock*
fullName: com.microsoft.azure.documentdb.QueryIterable<T extends Resource>.fetchNextBlock()
name: fetchNextBlock()
package: com.microsoft.azure.documentdb
metadata: {}
