### YamlMime:JavaType
inheritances:
- <xref href="java.lang.Object" data-throw-if-not-resolved="False"/>
methods:
- fullName: com.microsoft.azure.sdk.iot.provisioning.device.internal.ObjectLock.notifyLock()
  name: notifyLock()
  nameWithType: ObjectLock.notifyLock()
  syntax: public void notifyLock()
  uid: com.microsoft.azure.sdk.iot.provisioning.device.internal.ObjectLock.notifyLock()
- fullName: com.microsoft.azure.sdk.iot.provisioning.device.internal.ObjectLock.waitLock(long timeout)
  name: waitLock(long timeout)
  nameWithType: ObjectLock.waitLock(long timeout)
  parameters:
  - name: timeout
    type: <xref href="long?alt=long&text=long" data-throw-if-not-resolved="False"/>
  syntax: public void waitLock(long timeout)
  uid: com.microsoft.azure.sdk.iot.provisioning.device.internal.ObjectLock.waitLock(long)
nameWithType: ObjectLock
syntax: public class ObjectLock
type: class
uid: com.microsoft.azure.sdk.iot.provisioning.device.internal.ObjectLock
fullName: com.microsoft.azure.sdk.iot.provisioning.device.internal.ObjectLock
name: ObjectLock
package: com.microsoft.azure.sdk.iot.provisioning.device.internal
summary: <p>This class enables mocking of the base class wait and notify functions </p>
metadata: {}
