### YamlMime:JavaMember
nameWithType: ObjectLock.notifyLock
type: method
members:
- fullName: com.microsoft.azure.sdk.iot.deps.util.ObjectLock.notifyLock()
  name: notifyLock()
  nameWithType: ObjectLock.notifyLock()
  syntax: public void notifyLock()
  uid: com.microsoft.azure.sdk.iot.deps.util.ObjectLock.notifyLock()
uid: com.microsoft.azure.sdk.iot.deps.util.ObjectLock.notifyLock*
fullName: com.microsoft.azure.sdk.iot.deps.util.ObjectLock.notifyLock()
name: notifyLock()
package: com.microsoft.azure.sdk.iot.deps.util
metadata: {}
