### YamlMime:JavaMember
nameWithType: ObjectLock.waitLock
type: method
members:
- fullName: com.microsoft.azure.sdk.iot.deps.util.ObjectLock.waitLock(long timeout)
  name: waitLock(long timeout)
  nameWithType: ObjectLock.waitLock(long timeout)
  parameters:
  - name: timeout
    type: <xref href="long?alt=long&text=long" data-throw-if-not-resolved="False"/>
  syntax: public void waitLock(long timeout)
  uid: com.microsoft.azure.sdk.iot.deps.util.ObjectLock.waitLock(long)
uid: com.microsoft.azure.sdk.iot.deps.util.ObjectLock.waitLock*
fullName: com.microsoft.azure.sdk.iot.deps.util.ObjectLock.waitLock
name: waitLock(long timeout)
package: com.microsoft.azure.sdk.iot.deps.util
metadata: {}
