### YamlMime:JavaType
inheritances:
- <xref href="java.lang.Object" data-throw-if-not-resolved="False"/>
methods:
- com.microsoft.azure.sdk.iot.provisioning.device.internal.ObjectLock.notifyLock()
- com.microsoft.azure.sdk.iot.provisioning.device.internal.ObjectLock.waitLock(long)
nameWithType: ObjectLock
syntax: public class ObjectLock
type: class
uid: com.microsoft.azure.sdk.iot.provisioning.device.internal.ObjectLock
fullName: com.microsoft.azure.sdk.iot.provisioning.device.internal.ObjectLock
name: ObjectLock
package: com.microsoft.azure.sdk.iot.provisioning.device.internal
summary: <p>This class enables mocking of the base class wait and notify functions </p>
metadata: {}
