### YamlMime:JavaType
uid: "com.azure.resourcemanager.resources.models.ManagementLock"
fullName: "com.azure.resourcemanager.resources.models.ManagementLock"
name: "ManagementLock"
nameWithType: "ManagementLock"
summary: "Management lock."
syntax: "public interface **ManagementLock**</br> extends <xref href=\"com.azure.resourcemanager.resources.fluentcore.model.Indexable?alt=com.azure.resourcemanager.resources.fluentcore.model.Indexable&text=Indexable\" data-throw-if-not-resolved=\"False\" />, <xref href=\"com.azure.resourcemanager.resources.fluentcore.model.Refreshable?alt=com.azure.resourcemanager.resources.fluentcore.model.Refreshable&text=Refreshable\" data-throw-if-not-resolved=\"False\" />&lt;<xref href=\"com.azure.resourcemanager.resources.models.ManagementLock?alt=com.azure.resourcemanager.resources.models.ManagementLock&text=ManagementLock\" data-throw-if-not-resolved=\"False\" />&gt;, <xref href=\"com.azure.resourcemanager.resources.fluentcore.model.Updatable?alt=com.azure.resourcemanager.resources.fluentcore.model.Updatable&text=Updatable\" data-throw-if-not-resolved=\"False\" />&lt;<xref href=\"com.azure.resourcemanager.resources.models.ManagementLock.Update?alt=com.azure.resourcemanager.resources.models.ManagementLock.Update&text=Update\" data-throw-if-not-resolved=\"False\" />&gt;, <xref href=\"com.azure.resourcemanager.resources.fluentcore.model.HasInnerModel?alt=com.azure.resourcemanager.resources.fluentcore.model.HasInnerModel&text=HasInnerModel\" data-throw-if-not-resolved=\"False\" />&lt;<xref href=\"com.azure.resourcemanager.resources.fluent.models.ManagementLockObjectInner?alt=com.azure.resourcemanager.resources.fluent.models.ManagementLockObjectInner&text=ManagementLockObjectInner\" data-throw-if-not-resolved=\"False\" />&gt;, <xref href=\"com.azure.resourcemanager.resources.fluentcore.arm.models.HasManager?alt=com.azure.resourcemanager.resources.fluentcore.arm.models.HasManager&text=HasManager\" data-throw-if-not-resolved=\"False\" />&lt;<xref href=\"com.azure.resourcemanager.resources.ResourceManager?alt=com.azure.resourcemanager.resources.ResourceManager&text=ResourceManager\" data-throw-if-not-resolved=\"False\" />&gt;, <xref href=\"com.azure.resourcemanager.resources.fluentcore.arm.models.HasId?alt=com.azure.resourcemanager.resources.fluentcore.arm.models.HasId&text=HasId\" data-throw-if-not-resolved=\"False\" />, <xref href=\"com.azure.resourcemanager.resources.fluentcore.arm.models.HasName?alt=com.azure.resourcemanager.resources.fluentcore.arm.models.HasName&text=HasName\" data-throw-if-not-resolved=\"False\" />"
methods:
- uid: "com.azure.resourcemanager.resources.models.ManagementLock.level()"
  fullName: "com.azure.resourcemanager.resources.models.ManagementLock.level()"
  name: "level()"
  nameWithType: "ManagementLock.level()"
  summary: "Gets the lock level."
  modifiers:
  - "abstract"
  syntax: "public abstract LockLevel level()"
  desc: "Gets the lock level."
  returns:
    description: "the lock level"
    type: "<xref href=\"com.azure.resourcemanager.resources.models.LockLevel?alt=com.azure.resourcemanager.resources.models.LockLevel&text=LockLevel\" data-throw-if-not-resolved=\"False\" />"
- uid: "com.azure.resourcemanager.resources.models.ManagementLock.lockedResourceId()"
  fullName: "com.azure.resourcemanager.resources.models.ManagementLock.lockedResourceId()"
  name: "lockedResourceId()"
  nameWithType: "ManagementLock.lockedResourceId()"
  summary: "Gets the resource ID of the locked resource."
  modifiers:
  - "abstract"
  syntax: "public abstract String lockedResourceId()"
  desc: "Gets the resource ID of the locked resource."
  returns:
    description: "the resource ID of the locked resource"
    type: "<a href=\"https://docs.oracle.com/javase/8/docs/api/java/lang/String.html\">String</a>"
- uid: "com.azure.resourcemanager.resources.models.ManagementLock.notes()"
  fullName: "com.azure.resourcemanager.resources.models.ManagementLock.notes()"
  name: "notes()"
  nameWithType: "ManagementLock.notes()"
  summary: "Gets any notes associated with the lock."
  modifiers:
  - "abstract"
  syntax: "public abstract String notes()"
  desc: "Gets any notes associated with the lock."
  returns:
    description: "any notes associated with the lock"
    type: "<a href=\"https://docs.oracle.com/javase/8/docs/api/java/lang/String.html\">String</a>"
- uid: "com.azure.resourcemanager.resources.models.ManagementLock.owners()"
  fullName: "com.azure.resourcemanager.resources.models.ManagementLock.owners()"
  name: "owners()"
  nameWithType: "ManagementLock.owners()"
  summary: "Gets the owners of the lock."
  modifiers:
  - "abstract"
  syntax: "public abstract List<ManagementLockOwner> owners()"
  desc: "Gets the owners of the lock."
  returns:
    description: "the owners of the lock"
    type: "<a href=\"https://docs.oracle.com/javase/8/docs/api/java/util/List.html\">List</a>&lt;<xref href=\"com.azure.resourcemanager.resources.models.ManagementLockOwner?alt=com.azure.resourcemanager.resources.models.ManagementLockOwner&text=ManagementLockOwner\" data-throw-if-not-resolved=\"False\" />&gt;"
type: "interface"
desc: "Management lock."
implements:
- "<xref href=\"com.azure.resourcemanager.resources.fluentcore.arm.models.HasId?alt=com.azure.resourcemanager.resources.fluentcore.arm.models.HasId&text=HasId\" data-throw-if-not-resolved=\"False\" />"
- "<xref href=\"com.azure.resourcemanager.resources.fluentcore.arm.models.HasManager?alt=com.azure.resourcemanager.resources.fluentcore.arm.models.HasManager&text=HasManager\" data-throw-if-not-resolved=\"False\" />&lt;<xref href=\"com.azure.resourcemanager.resources.ResourceManager?alt=com.azure.resourcemanager.resources.ResourceManager&text=ResourceManager\" data-throw-if-not-resolved=\"False\" />&gt;"
- "<xref href=\"com.azure.resourcemanager.resources.fluentcore.arm.models.HasName?alt=com.azure.resourcemanager.resources.fluentcore.arm.models.HasName&text=HasName\" data-throw-if-not-resolved=\"False\" />"
- "<xref href=\"com.azure.resourcemanager.resources.fluentcore.model.HasInnerModel?alt=com.azure.resourcemanager.resources.fluentcore.model.HasInnerModel&text=HasInnerModel\" data-throw-if-not-resolved=\"False\" />&lt;<xref href=\"com.azure.resourcemanager.resources.fluent.models.ManagementLockObjectInner?alt=com.azure.resourcemanager.resources.fluent.models.ManagementLockObjectInner&text=ManagementLockObjectInner\" data-throw-if-not-resolved=\"False\" />&gt;"
- "<xref href=\"com.azure.resourcemanager.resources.fluentcore.model.Indexable?alt=com.azure.resourcemanager.resources.fluentcore.model.Indexable&text=Indexable\" data-throw-if-not-resolved=\"False\" />"
- "<xref href=\"com.azure.resourcemanager.resources.fluentcore.model.Refreshable?alt=com.azure.resourcemanager.resources.fluentcore.model.Refreshable&text=Refreshable\" data-throw-if-not-resolved=\"False\" />&lt;<xref href=\"com.azure.resourcemanager.resources.models.ManagementLock?alt=com.azure.resourcemanager.resources.models.ManagementLock&text=ManagementLock\" data-throw-if-not-resolved=\"False\" />&gt;"
- "<xref href=\"com.azure.resourcemanager.resources.fluentcore.model.Updatable?alt=com.azure.resourcemanager.resources.fluentcore.model.Updatable&text=Updatable\" data-throw-if-not-resolved=\"False\" />&lt;<xref href=\"com.azure.resourcemanager.resources.models.ManagementLock.Update?alt=com.azure.resourcemanager.resources.models.ManagementLock.Update&text=Update\" data-throw-if-not-resolved=\"False\" />&gt;"
metadata: {}
package: "com.azure.resourcemanager.resources.models"
artifact: com.azure.resourcemanager:azure-resourcemanager-resources:2.50.0
