### YamlMime:JavaMember
uid: "com.microsoft.azure.sdk.iot.deps.util.ObjectLock.waitLock*"
fullName: "com.microsoft.azure.sdk.iot.deps.util.ObjectLock.waitLock"
name: "waitLock"
nameWithType: "ObjectLock.waitLock"
members:
- uid: "com.microsoft.azure.sdk.iot.deps.util.ObjectLock.waitLock(long)"
  fullName: "com.microsoft.azure.sdk.iot.deps.util.ObjectLock.waitLock(long timeout)"
  name: "waitLock(long timeout)"
  nameWithType: "ObjectLock.waitLock(long timeout)"
  parameters:
  - name: "timeout"
    type: "<xref href=\"long?alt=long&text=long\" data-throw-if-not-resolved=\"False\" />"
  syntax: "public void waitLock(long timeout)"
  exceptions:
  - type: "<xref href=\"java.lang.InterruptedException?alt=java.lang.InterruptedException&text=InterruptedException\" data-throw-if-not-resolved=\"False\" />"
type: "method"
metadata: {}
package: "com.microsoft.azure.sdk.iot.deps.util"
artifact: com.microsoft.azure.sdk.iot:iot-deps:0.11.0
