### YamlMime:ManagedReference
items:
- uid: com.microsoft.azure.storage.blob.models.Block
  id: Block
  parent: com.microsoft.azure.storage.blob.models
  children:
  - com.microsoft.azure.storage.blob.models.Block.name()
  - com.microsoft.azure.storage.blob.models.Block.size()
  - com.microsoft.azure.storage.blob.models.Block.withName(String)
  - com.microsoft.azure.storage.blob.models.Block.withSize(int)
  href: com.microsoft.azure.storage.blob.models.Block.yml
  langs:
  - java
  name: Block
  nameWithType: Block
  fullName: com.microsoft.azure.storage.blob.models.Block
  type: Class
  source:
    remote: &o0
      path: storage/data-plane/src/main/java/com/microsoft/azure/storage/blob/models/Block.java
      branch: master
      repo: https://github.com/Azure/azure-sdk-for-java
    path: storage/data-plane/src/main/java/com/microsoft/azure/storage/blob/models/Block.java
    startLine: 15
  package: com.microsoft.azure.storage.blob.models
  summary: "<p>Represents a single block in a block blob. It describes the block's ID and size. </p>"
  syntax: &o1
    content: public class Block
  inheritance:
  - java.lang.Object
- uid: com.microsoft.azure.storage.blob.models.Block.name()
  id: name()
  parent: com.microsoft.azure.storage.blob.models.Block
  href: com.microsoft.azure.storage.blob.models.Block.yml
  langs:
  - java
  name: name()
  nameWithType: Block.name()
  fullName: com.microsoft.azure.storage.blob.models.Block.name()
  overload: com.microsoft.azure.storage.blob.models.Block.name*
  type: Method
  source:
    remote: *o0
    path: storage/data-plane/src/main/java/com/microsoft/azure/storage/blob/models/Block.java
    startLine: 33
  package: com.microsoft.azure.storage.blob.models
  summary: "<p>Get the name value.</p>\r\n<p></p>"
  syntax:
    content: public String name()
    return:
      type: "26831127"
      description: <p>the name value. </p>
- uid: com.microsoft.azure.storage.blob.models.Block.size()
  id: size()
  parent: com.microsoft.azure.storage.blob.models.Block
  href: com.microsoft.azure.storage.blob.models.Block.yml
  langs:
  - java
  name: size()
  nameWithType: Block.size()
  fullName: com.microsoft.azure.storage.blob.models.Block.size()
  overload: com.microsoft.azure.storage.blob.models.Block.size*
  type: Method
  source:
    remote: *o0
    path: storage/data-plane/src/main/java/com/microsoft/azure/storage/blob/models/Block.java
    startLine: 53
  package: com.microsoft.azure.storage.blob.models
  summary: "<p>Get the size value.</p>\r\n<p></p>"
  syntax:
    content: public int size()
    return:
      type: f75371fa
      description: <p>the size value. </p>
- uid: com.microsoft.azure.storage.blob.models.Block.withName(String)
  id: withName(String)
  parent: com.microsoft.azure.storage.blob.models.Block
  href: com.microsoft.azure.storage.blob.models.Block.yml
  langs:
  - java
  name: withName(String name)
  nameWithType: Block.withName(String name)
  fullName: com.microsoft.azure.storage.blob.models.Block.withName(String name)
  overload: com.microsoft.azure.storage.blob.models.Block.withName*
  type: Method
  source:
    remote: *o0
    path: storage/data-plane/src/main/java/com/microsoft/azure/storage/blob/models/Block.java
    startLine: 43
  package: com.microsoft.azure.storage.blob.models
  summary: "<p>Set the name value.</p>\r\n<p></p>"
  syntax:
    content: public Block withName(String name)
    parameters:
    - id: name
      type: "26831127"
      description: <p>the name value to set. </p>
    return:
      type: com.microsoft.azure.storage.blob.models.Block
      description: <p>the Block object itself. </p>
- uid: com.microsoft.azure.storage.blob.models.Block.withSize(int)
  id: withSize(int)
  parent: com.microsoft.azure.storage.blob.models.Block
  href: com.microsoft.azure.storage.blob.models.Block.yml
  langs:
  - java
  name: withSize(int size)
  nameWithType: Block.withSize(int size)
  fullName: com.microsoft.azure.storage.blob.models.Block.withSize(int size)
  overload: com.microsoft.azure.storage.blob.models.Block.withSize*
  type: Method
  source:
    remote: *o0
    path: storage/data-plane/src/main/java/com/microsoft/azure/storage/blob/models/Block.java
    startLine: 63
  package: com.microsoft.azure.storage.blob.models
  summary: "<p>Set the size value.</p>\r\n<p></p>"
  syntax:
    content: public Block withSize(int size)
    parameters:
    - id: size
      type: f75371fa
      description: <p>the size value to set. </p>
    return:
      type: com.microsoft.azure.storage.blob.models.Block
      description: <p>the Block object itself. </p>
references:
- uid: "26831127"
  spec.java:
  - name: String
    fullName: String
- uid: com.microsoft.azure.storage.blob.models.Block.name*
  name: name
  nameWithType: Block.name
  fullName: com.microsoft.azure.storage.blob.models.Block.name
  package: com.microsoft.azure.storage.blob.models
- uid: com.microsoft.azure.storage.blob.models.Block.withName*
  name: withName
  nameWithType: Block.withName
  fullName: com.microsoft.azure.storage.blob.models.Block.withName
  package: com.microsoft.azure.storage.blob.models
- uid: f75371fa
  spec.java:
  - name: int
    fullName: int
- uid: com.microsoft.azure.storage.blob.models.Block.size*
  name: size
  nameWithType: Block.size
  fullName: com.microsoft.azure.storage.blob.models.Block.size
  package: com.microsoft.azure.storage.blob.models
- uid: com.microsoft.azure.storage.blob.models.Block.withSize*
  name: withSize
  nameWithType: Block.withSize
  fullName: com.microsoft.azure.storage.blob.models.Block.withSize
  package: com.microsoft.azure.storage.blob.models
- uid: com.microsoft.azure.storage.blob.models.Block
  parent: com.microsoft.azure.storage.blob.models
  href: com.microsoft.azure.storage.blob.models.Block.yml
  name: Block
  nameWithType: Block
  fullName: com.microsoft.azure.storage.blob.models.Block
  type: Class
  summary: "<p>Represents a single block in a block blob. It describes the block's ID and size. </p>"
  syntax: *o1
