### YamlMime:JavaMember
uid: "com.azure.messaging.servicebus.implementation.ServiceBusManagementNode.renewSessionLock*"
fullName: "com.azure.messaging.servicebus.implementation.ServiceBusManagementNode.renewSessionLock"
name: "renewSessionLock"
nameWithType: "ServiceBusManagementNode.renewSessionLock"
members:
- uid: "com.azure.messaging.servicebus.implementation.ServiceBusManagementNode.renewSessionLock(java.lang.String,java.lang.String)"
  fullName: "com.azure.messaging.servicebus.implementation.ServiceBusManagementNode.renewSessionLock(String sessionId, String associatedLinkName)"
  name: "renewSessionLock(String sessionId, String associatedLinkName)"
  nameWithType: "ServiceBusManagementNode.renewSessionLock(String sessionId, String associatedLinkName)"
  summary: "Renews the lock on the session."
  parameters:
  - description: "Identifier for the session."
    name: "sessionId"
    type: "<xref href=\"java.lang.String?alt=java.lang.String&text=String\" data-throw-if-not-resolved=\"False\" />"
  - name: "associatedLinkName"
    type: "<xref href=\"java.lang.String?alt=java.lang.String&text=String\" data-throw-if-not-resolved=\"False\" />"
  syntax: "public abstract Mono<OffsetDateTime> renewSessionLock(String sessionId, String associatedLinkName)"
  returns:
    description: "The next expiration time for the session."
    type: "<xref href=\"reactor.core.publisher.Mono?alt=reactor.core.publisher.Mono&text=Mono\" data-throw-if-not-resolved=\"False\" />&lt;<xref href=\"java.time.OffsetDateTime?alt=java.time.OffsetDateTime&text=OffsetDateTime\" data-throw-if-not-resolved=\"False\" />&gt;"
type: "method"
metadata: {}
package: "com.azure.messaging.servicebus.implementation"
artifact: com.azure:azure-messaging-servicebus:7.1.0
