### YamlMime:JavaMember
uid: "com.azure.resourcemanager.network.models.WebApplicationFirewallAction.BLOCK*"
fullName: "com.azure.resourcemanager.network.models.WebApplicationFirewallAction.BLOCK"
name: "BLOCK"
nameWithType: "WebApplicationFirewallAction.BLOCK"
members:
- uid: "com.azure.resourcemanager.network.models.WebApplicationFirewallAction.BLOCK"
  fullName: "com.azure.resourcemanager.network.models.WebApplicationFirewallAction.BLOCK"
  name: "BLOCK"
  nameWithType: "WebApplicationFirewallAction.BLOCK"
  summary: "Static value Block for WebApplicationFirewallAction."
  syntax: "public static final WebApplicationFirewallAction BLOCK"
type: "field"
metadata: {}
package: "com.azure.resourcemanager.network.models"
artifact: com.azure.resourcemanager:azure-resourcemanager-network:2.0.0
