### YamlMime:JavaMember
uid: "com.microsoft.azure.sdk.iot.device.transport.IotHubTransport.getSendThreadLock*"
fullName: "com.microsoft.azure.sdk.iot.device.transport.IotHubTransport.getSendThreadLock"
name: "getSendThreadLock"
nameWithType: "IotHubTransport.getSendThreadLock"
members:
- uid: "com.microsoft.azure.sdk.iot.device.transport.IotHubTransport.getSendThreadLock()"
  fullName: "com.microsoft.azure.sdk.iot.device.transport.IotHubTransport.getSendThreadLock()"
  name: "getSendThreadLock()"
  nameWithType: "IotHubTransport.getSendThreadLock()"
  syntax: "public Object getSendThreadLock()"
  returns:
    type: "<xref href=\"java.lang.Object?alt=java.lang.Object&text=Object\" data-throw-if-not-resolved=\"False\" />"
type: "method"
metadata: {}
package: "com.microsoft.azure.sdk.iot.device.transport"
artifact: com.microsoft.azure.sdk.iot:iot-device-client:1.26.0
