### YamlMime:JavaMember
nameWithType: IotHubTransport.getSendThreadLock
type: method
members:
- fullName: com.microsoft.azure.sdk.iot.device.transport.IotHubTransport.getSendThreadLock()
  name: getSendThreadLock()
  nameWithType: IotHubTransport.getSendThreadLock()
  returns:
    type: <xref href="Object?alt=Object&text=Object" data-throw-if-not-resolved="False"/>
  syntax: public Object getSendThreadLock()
  uid: com.microsoft.azure.sdk.iot.device.transport.IotHubTransport.getSendThreadLock()
uid: com.microsoft.azure.sdk.iot.device.transport.IotHubTransport.getSendThreadLock*
fullName: com.microsoft.azure.sdk.iot.device.transport.IotHubTransport.getSendThreadLock()
name: getSendThreadLock()
package: com.microsoft.azure.sdk.iot.device.transport
metadata: {}
