### YamlMime:JavaMember
nameWithType: IStoreConnection.openWithLock
type: method
members:
- fullName: com.microsoft.azure.elasticdb.shard.store.IStoreConnection.openWithLock(UUID lockId)
  name: openWithLock(UUID lockId)
  nameWithType: IStoreConnection.openWithLock(UUID lockId)
  parameters:
  - description: <p>Lock Id. </p>
    name: lockId
    type: <xref href="UUID?alt=UUID&text=UUID" data-throw-if-not-resolved="False"/>
  summary: >-
    <p>Open the store connection, and acquire a lock on the store.</p>

    <p></p>
  syntax: public void openWithLock(UUID lockId)
  uid: com.microsoft.azure.elasticdb.shard.store.IStoreConnection.openWithLock(UUID)
uid: com.microsoft.azure.elasticdb.shard.store.IStoreConnection.openWithLock*
fullName: com.microsoft.azure.elasticdb.shard.store.IStoreConnection.openWithLock(UUID lockId)
name: openWithLock(UUID lockId)
package: com.microsoft.azure.elasticdb.shard.store
metadata: {}
