### YamlMime:ManagedReference
items:
- uid: com.microsoft.azure.elasticdb.shard.utils._id_lock
  id: _id_lock
  parent: com.microsoft.azure.elasticdb.shard.utils
  children:
  - com.microsoft.azure.elasticdb.shard.utils._id_lock.IdLock(UUID)
  href: com.microsoft.azure.elasticdb.shard.utils._id_lock.yml
  langs:
  - java
  name: IdLock
  nameWithType: IdLock
  fullName: com.microsoft.azure.elasticdb.shard.utils.IdLock
  type: Class
  source:
    remote: &o0
      path: elastic-db-tools/src/main/java/com/microsoft/azure/elasticdb/shard/utils/IdLock.java
      branch: master
      repo: https://github.com/Microsoft/elastic-db-tools-for-java
    path: elastic-db-tools/src/main/java/com/microsoft/azure/elasticdb/shard/utils/IdLock.java
    startLine: 15
  package: com.microsoft.azure.elasticdb.shard.utils
  summary: <p>Implementation of Id locks. Allows mutual exclusion on Ids. </p>
  syntax:
    content: public class IdLock extends ValueLock<UUID>
  inheritance:
  - java.lang.Object
  - com.microsoft.azure.elasticdb.shard.utils._value_lock
  inheritedMembers:
  - com.microsoft.azure.elasticdb.shard.utils._value_lock.close()
  - com.microsoft.azure.elasticdb.shard.utils._value_lock.ValueLock(T)
- uid: com.microsoft.azure.elasticdb.shard.utils._id_lock.IdLock(UUID)
  id: IdLock(UUID)
  parent: com.microsoft.azure.elasticdb.shard.utils._id_lock
  href: com.microsoft.azure.elasticdb.shard.utils._id_lock.yml
  langs:
  - java
  name: IdLock(UUID id)
  nameWithType: IdLock.IdLock(UUID id)
  fullName: com.microsoft.azure.elasticdb.shard.utils.IdLock.IdLock(UUID id)
  overload: com.microsoft.azure.elasticdb.shard.utils._id_lock.IdLock*
  type: Constructor
  source:
    remote: *o0
    path: elastic-db-tools/src/main/java/com/microsoft/azure/elasticdb/shard/utils/IdLock.java
    startLine: 23
  package: com.microsoft.azure.elasticdb.shard.utils
  summary: >-
    <p>Instantiates an Id lock with given Id and acquires the name lock.</p>

    <p></p>
  syntax:
    content: public IdLock(UUID id)
    parameters:
    - id: id
      type: add9545a
      description: <p>Given id. </p>
references:
- uid: add9545a
  spec.java:
  - name: UUID
    fullName: UUID
- uid: com.microsoft.azure.elasticdb.shard.utils._id_lock.IdLock*
  name: IdLock
  nameWithType: IdLock.IdLock
  fullName: com.microsoft.azure.elasticdb.shard.utils.IdLock.IdLock
  package: com.microsoft.azure.elasticdb.shard.utils
- uid: com.microsoft.azure.elasticdb.shard.utils._value_lock.close()
  parent: com.microsoft.azure.elasticdb.shard.utils._value_lock
  href: com.microsoft.azure.elasticdb.shard.utils._value_lock.yml
  name: close()
  nameWithType: ValueLock<T>.close()
  fullName: final void com.microsoft.azure.elasticdb.shard.utils.ValueLock<T>.close()
  type: Method
  summary: <p>Releases the reference on the value, unlocks it if reference count reaches 0. </p>
  syntax:
    content: public final void close()
    return:
      type: 3f6357ce
- uid: com.microsoft.azure.elasticdb.shard.utils._value_lock.ValueLock(T)
  parent: com.microsoft.azure.elasticdb.shard.utils._value_lock
  href: com.microsoft.azure.elasticdb.shard.utils._value_lock.yml
  name: ValueLock(T value)
  nameWithType: ValueLock<T>.ValueLock(T value)
  fullName: com.microsoft.azure.elasticdb.shard.utils.ValueLock<T>.ValueLock(T value)
  type: Constructor
  summary: >-
    <p>Constructs an instace of lock on input value and locks it.</p>

    <p></p>
  syntax:
    content: public ValueLock(T value)
    parameters:
    - id: value
      type: 8ce1ecb9
      description: <p>Value being locked. </p>
- uid: com.microsoft.azure.elasticdb.shard.utils._value_lock
  parent: com.microsoft.azure.elasticdb.shard.utils
  href: com.microsoft.azure.elasticdb.shard.utils._value_lock.yml
  name: ValueLock<T>
  nameWithType: ValueLock<T>
  fullName: com.microsoft.azure.elasticdb.shard.utils.ValueLock<T>
  type: Class
  summary: >-
    <p>Mutual exclusion construct for values.</p>

    <p></p>
  syntax:
    content: public class ValueLock<T>
    typeParameters:
    - type: 8ce1ecb9
