items:
- uid: com.microsoft.azure.sdk.iot.device._object_lock
  id: _object_lock
  parent: com.microsoft.azure.sdk.iot.device
  children:
  - com.microsoft.azure.sdk.iot.device._object_lock.notifyLock()
  - com.microsoft.azure.sdk.iot.device._object_lock.waitLock(long)
  href: com.microsoft.azure.sdk.iot.device._object_lock.yml
  langs:
  - java
  name: ObjectLock
  fullName: com.microsoft.azure.sdk.iot.device.ObjectLock
  type: Class
  source:
    remote: &o0
      path: device/iot-device-client/src/main/java/com/microsoft/azure/sdk/iot/device/ObjectLock.java
      branch: master
      repo: https://github.com/Azure/azure-iot-sdk-java
    path: device/iot-device-client/src/main/java/com/microsoft/azure/sdk/iot/device/ObjectLock.java
    startLine: 4
  package: com.microsoft.azure.sdk.iot.device
  summary: <p>This class enables mocking of the base class wait and notify functions </p>
  syntax:
    content: public class ObjectLock
  inheritance:
  - java.lang.Object
- uid: com.microsoft.azure.sdk.iot.device._object_lock.notifyLock()
  id: notifyLock()
  parent: com.microsoft.azure.sdk.iot.device._object_lock
  href: com.microsoft.azure.sdk.iot.device._object_lock.yml
  langs:
  - java
  name: notifyLock()
  fullName: void com.microsoft.azure.sdk.iot.device.ObjectLock.notifyLock()
  type: Method
  source:
    remote: *o0
    path: device/iot-device-client/src/main/java/com/microsoft/azure/sdk/iot/device/ObjectLock.java
    startLine: 11
  package: com.microsoft.azure.sdk.iot.device
  syntax:
    content: public void notifyLock()
- uid: com.microsoft.azure.sdk.iot.device._object_lock.waitLock(long)
  id: waitLock(long)
  parent: com.microsoft.azure.sdk.iot.device._object_lock
  href: com.microsoft.azure.sdk.iot.device._object_lock.yml
  langs:
  - java
  name: waitLock(long timeout)
  fullName: void com.microsoft.azure.sdk.iot.device.ObjectLock.waitLock(long timeout)
  type: Method
  source:
    remote: *o0
    path: device/iot-device-client/src/main/java/com/microsoft/azure/sdk/iot/device/ObjectLock.java
    startLine: 6
  package: com.microsoft.azure.sdk.iot.device
  syntax:
    content: public void waitLock(long timeout)
    parameters:
    - id: timeout
      type: 0364520f
references:
- uid: 0364520f
  spec.java:
  - name: long
    fullName: long
