### YamlMime:JavaMember
uid: "com.azure.resourcemanager.resources.fluentcore.dag.DAGNode.lock*"
fullName: "com.azure.resourcemanager.resources.fluentcore.dag.DAGNode<DataT,NodeT>.lock"
name: "lock"
nameWithType: "DAGNode<DataT,NodeT>.lock"
members:
- uid: "com.azure.resourcemanager.resources.fluentcore.dag.DAGNode.lock()"
  fullName: "com.azure.resourcemanager.resources.fluentcore.dag.DAGNode<DataT,NodeT>.lock()"
  name: "lock()"
  nameWithType: "DAGNode<DataT,NodeT>.lock()"
  syntax: "public ReentrantLock lock()"
  returns:
    description: "the lock to be used while performing thread safe operation on this node."
    type: "<xref href=\"java.util.concurrent.locks.ReentrantLock?alt=java.util.concurrent.locks.ReentrantLock&text=ReentrantLock\" data-throw-if-not-resolved=\"False\" />"
type: "method"
metadata: {}
package: "com.azure.resourcemanager.resources.fluentcore.dag"
artifact: com.azure.resourcemanager:azure-resourcemanager-resources:2.0.0
