### YamlMime:JavaMember
uid: "com.microsoft.azure.management.storage.ImmutabilityPolicyUpdateType.LOCK*"
fullName: "com.microsoft.azure.management.storage.ImmutabilityPolicyUpdateType.LOCK"
name: "LOCK"
nameWithType: "ImmutabilityPolicyUpdateType.LOCK"
members:
- uid: "com.microsoft.azure.management.storage.ImmutabilityPolicyUpdateType.LOCK"
  fullName: "com.microsoft.azure.management.storage.ImmutabilityPolicyUpdateType.LOCK"
  name: "LOCK"
  nameWithType: "ImmutabilityPolicyUpdateType.LOCK"
  summary: "Static value lock for ImmutabilityPolicyUpdateType."
  syntax: "public static final ImmutabilityPolicyUpdateType LOCK"
type: "field"
metadata: {}
package: "com.microsoft.azure.management.storage"
artifact: com.microsoft.azure:azure-mgmt-storage:1.41.0
