### YamlMime:JavaMember
nameWithType: MappingLockToken.ForceUnlock
type: field
members:
- fullName: com.microsoft.azure.elasticdb.shard.base.MappingLockToken.ForceUnlock
  name: ForceUnlock
  nameWithType: MappingLockToken.ForceUnlock
  returns:
    type: final <xref href="com.microsoft.azure.elasticdb.shard.base.MappingLockToken?alt=com.microsoft.azure.elasticdb.shard.base.MappingLockToken&text=MappingLockToken" data-throw-if-not-resolved="False"/>
  summary: <p>Token that can be used to force an unlock on any locked mapping. </p>
  syntax: public static final MappingLockToken ForceUnlock= new MappingLockToken(UUID.fromString("FFFFFFFF-FFFF-FFFF-FFFF-FFFFFFFFFFFF"))
  uid: com.microsoft.azure.elasticdb.shard.base.MappingLockToken.ForceUnlock
uid: com.microsoft.azure.elasticdb.shard.base.MappingLockToken.ForceUnlock
fullName: com.microsoft.azure.elasticdb.shard.base.MappingLockToken.ForceUnlock
name: ForceUnlock
package: com.microsoft.azure.elasticdb.shard.base
metadata: {}
