### YamlMime:JavaMember
nameWithType: Mqtt.incomingLock
type: field
members:
- fullName: com.microsoft.azure.sdk.iot.device.transport.mqtt.Mqtt.incomingLock
  name: incomingLock
  nameWithType: Mqtt.incomingLock
  returns:
    type: <xref href="final+Object?alt=final Object&text=final+Object" data-throw-if-not-resolved="False"/>
  syntax: protected final Object incomingLock
  uid: com.microsoft.azure.sdk.iot.device.transport.mqtt.Mqtt.incomingLock
uid: com.microsoft.azure.sdk.iot.device.transport.mqtt.Mqtt.incomingLock
fullName: com.microsoft.azure.sdk.iot.device.transport.mqtt.Mqtt.incomingLock
name: incomingLock
package: com.microsoft.azure.sdk.iot.device.transport.mqtt
metadata: {}
