### YamlMime:JavaMember
uid: "com.microsoft.azure.management.cdn.WafAction.BLOCK*"
fullName: "com.microsoft.azure.management.cdn.WafAction.BLOCK"
name: "BLOCK"
nameWithType: "WafAction.BLOCK"
members:
- uid: "com.microsoft.azure.management.cdn.WafAction.BLOCK"
  fullName: "com.microsoft.azure.management.cdn.WafAction.BLOCK"
  name: "BLOCK"
  nameWithType: "WafAction.BLOCK"
  summary: "Static value block for WafAction."
  syntax: "public static final WafAction BLOCK"
type: "field"
metadata: {}
package: "com.microsoft.azure.management.cdn"
artifact: com.microsoft.azure:azure-mgmt-cdn:1.41.0
