### YamlMime:JavaMember
uid: "com.azure.resourcemanager.cdn.models.ActionType.BLOCK*"
fullName: "com.azure.resourcemanager.cdn.models.ActionType.BLOCK"
name: "BLOCK"
nameWithType: "ActionType.BLOCK"
members:
- uid: "com.azure.resourcemanager.cdn.models.ActionType.BLOCK"
  fullName: "com.azure.resourcemanager.cdn.models.ActionType.BLOCK"
  name: "BLOCK"
  nameWithType: "ActionType.BLOCK"
  summary: "Static value Block for ActionType."
  syntax: "public static final ActionType BLOCK"
type: "field"
metadata: {}
package: "com.azure.resourcemanager.cdn.models"
artifact: com.azure.resourcemanager:azure-resourcemanager-cdn:2.9.0
