### YamlMime:JavaMember
nameWithType: IStoreConnection.closeWithUnlock
type: method
members:
- fullName: com.microsoft.azure.elasticdb.shard.store.IStoreConnection.closeWithUnlock(UUID lockId)
  name: closeWithUnlock(UUID lockId)
  nameWithType: IStoreConnection.closeWithUnlock(UUID lockId)
  parameters:
  - description: <p>Lock Id. </p>
    name: lockId
    type: <xref href="UUID?alt=UUID&text=UUID" data-throw-if-not-resolved="False"/>
  summary: >-
    <p>Closes the store connection after releasing lock.</p>

    <p></p>
  syntax: public void closeWithUnlock(UUID lockId)
  uid: com.microsoft.azure.elasticdb.shard.store.IStoreConnection.closeWithUnlock(UUID)
uid: com.microsoft.azure.elasticdb.shard.store.IStoreConnection.closeWithUnlock*
fullName: com.microsoft.azure.elasticdb.shard.store.IStoreConnection.closeWithUnlock
name: closeWithUnlock(UUID lockId)
package: com.microsoft.azure.elasticdb.shard.store
metadata: {}
