### YamlMime:JavaMember
uid: "com.azure.resourcemanager.authorization.fluent.models.MicrosoftGraphTimeOffReasonIconType.CLOCK*"
fullName: "com.azure.resourcemanager.authorization.fluent.models.MicrosoftGraphTimeOffReasonIconType.CLOCK"
name: "CLOCK"
nameWithType: "MicrosoftGraphTimeOffReasonIconType.CLOCK"
members:
- uid: "com.azure.resourcemanager.authorization.fluent.models.MicrosoftGraphTimeOffReasonIconType.CLOCK"
  fullName: "com.azure.resourcemanager.authorization.fluent.models.MicrosoftGraphTimeOffReasonIconType.CLOCK"
  name: "CLOCK"
  nameWithType: "MicrosoftGraphTimeOffReasonIconType.CLOCK"
  summary: "Static value clock for MicrosoftGraphTimeOffReasonIconType."
  syntax: "public static final MicrosoftGraphTimeOffReasonIconType CLOCK"
type: "field"
metadata: {}
package: "com.azure.resourcemanager.authorization.fluent.models"
artifact: com.azure.resourcemanager:azure-resourcemanager-authorization:2.10.0
