### YamlMime:JavaMember
uid: "com.microsoft.azure.documentdb.QueryIterable.fetchNextBlock*"
fullName: "com.microsoft.azure.documentdb.QueryIterable<T>.fetchNextBlock"
name: "fetchNextBlock"
nameWithType: "QueryIterable<T>.fetchNextBlock"
members:
- uid: "com.microsoft.azure.documentdb.QueryIterable.fetchNextBlock()"
  fullName: "com.microsoft.azure.documentdb.QueryIterable<T>.fetchNextBlock()"
  name: "fetchNextBlock()"
  nameWithType: "QueryIterable<T>.fetchNextBlock()"
  summary: "Fetch the next block of query results."
  syntax: "public List<T> fetchNextBlock()"
  exceptions:
  - description: "the document client exception."
    type: "<xref href=\"com.microsoft.azure.documentdb.DocumentClientException?alt=com.microsoft.azure.documentdb.DocumentClientException&text=DocumentClientException\" data-throw-if-not-resolved=\"False\" />"
  returns:
    description: "the list of fetched resources."
    type: "<xref href=\"java.util.List?alt=java.util.List&text=List\" data-throw-if-not-resolved=\"False\" />&lt;<xref href=\"T?alt=T&text=T\" data-throw-if-not-resolved=\"False\" />&gt;"
type: "method"
metadata: {}
package: "com.microsoft.azure.documentdb"
artifact: com.microsoft.azure:azure-documentdb:2.4.7
