### YamlMime:ManagedReference
items:
- uid: com.microsoft.azure.management.locks.ManagementLock
  id: ManagementLock
  artifact: com.microsoft.azure:azure-mgmt-locks:1.37.0
  parent: com.microsoft.azure.management.locks
  children:
  - com.microsoft.azure.management.locks.ManagementLock.Definition
  - com.microsoft.azure.management.locks.ManagementLock.DefinitionStages
  - com.microsoft.azure.management.locks.ManagementLock.Update
  - com.microsoft.azure.management.locks.ManagementLock.UpdateStages
  - com.microsoft.azure.management.locks.ManagementLock.level()
  - com.microsoft.azure.management.locks.ManagementLock.lockedResourceId()
  - com.microsoft.azure.management.locks.ManagementLock.notes()
  langs:
  - java
  name: ManagementLock
  nameWithType: ManagementLock
  fullName: com.microsoft.azure.management.locks.ManagementLock
  type: Interface
  package: com.microsoft.azure.management.locks
  summary: Management lock.
  syntax:
    content: public interface ManagementLock extends Indexable, Refreshable<ManagementLock>, Updatable<ManagementLock.Update>, HasInner<ManagementLockObjectInner>, HasManager<AuthorizationManager>, HasId
  implements:
  - com.microsoft.azure.management.resources.fluentcore.model.Indexable
  - com.microsoft.azure.management.resources.fluentcore.model.Refreshable<com.microsoft.azure.management.locks.ManagementLock>
  - com.microsoft.azure.management.resources.fluentcore.model.Updatable<com.microsoft.azure.management.locks.ManagementLock.Update>
  - com.microsoft.azure.management.resources.fluentcore.model.HasInner<com.microsoft.azure.management.locks.implementation.ManagementLockObjectInner>
  - com.microsoft.azure.management.resources.fluentcore.arm.models.HasManager<com.microsoft.azure.management.locks.implementation.AuthorizationManager>
  - com.microsoft.azure.management.resources.fluentcore.arm.models.HasId
- uid: com.microsoft.azure.management.locks.ManagementLock.level()
  id: level()
  artifact: com.microsoft.azure:azure-mgmt-locks:1.37.0
  parent: com.microsoft.azure.management.locks.ManagementLock
  langs:
  - java
  name: level()
  nameWithType: ManagementLock.level()
  fullName: com.microsoft.azure.management.locks.ManagementLock.level()
  overload: com.microsoft.azure.management.locks.ManagementLock.level*
  type: Method
  package: com.microsoft.azure.management.locks
  syntax:
    content: public abstract LockLevel level()
    return:
      type: com.microsoft.azure.management.locks.LockLevel
      description: the lock level
- uid: com.microsoft.azure.management.locks.ManagementLock.lockedResourceId()
  id: lockedResourceId()
  artifact: com.microsoft.azure:azure-mgmt-locks:1.37.0
  parent: com.microsoft.azure.management.locks.ManagementLock
  langs:
  - java
  name: lockedResourceId()
  nameWithType: ManagementLock.lockedResourceId()
  fullName: com.microsoft.azure.management.locks.ManagementLock.lockedResourceId()
  overload: com.microsoft.azure.management.locks.ManagementLock.lockedResourceId*
  type: Method
  package: com.microsoft.azure.management.locks
  syntax:
    content: public abstract String lockedResourceId()
    return:
      type: java.lang.String
      description: the resource ID of the locked resource
- uid: com.microsoft.azure.management.locks.ManagementLock.notes()
  id: notes()
  artifact: com.microsoft.azure:azure-mgmt-locks:1.37.0
  parent: com.microsoft.azure.management.locks.ManagementLock
  langs:
  - java
  name: notes()
  nameWithType: ManagementLock.notes()
  fullName: com.microsoft.azure.management.locks.ManagementLock.notes()
  overload: com.microsoft.azure.management.locks.ManagementLock.notes*
  type: Method
  package: com.microsoft.azure.management.locks
  syntax:
    content: public abstract String notes()
    return:
      type: java.lang.String
      description: any notes associated with the lock
references:
- uid: com.microsoft.azure.management.locks.LockLevel
  name: LockLevel
  nameWithType: LockLevel
  fullName: com.microsoft.azure.management.locks.LockLevel
- uid: com.microsoft.azure.management.locks.ManagementLock.level*
  name: level
  nameWithType: ManagementLock.level
  fullName: com.microsoft.azure.management.locks.ManagementLock.level
  package: com.microsoft.azure.management.locks
- uid: java.lang.String
  spec.java:
  - uid: java.lang.String
    name: String
    fullName: java.lang.String
- uid: com.microsoft.azure.management.locks.ManagementLock.lockedResourceId*
  name: lockedResourceId
  nameWithType: ManagementLock.lockedResourceId
  fullName: com.microsoft.azure.management.locks.ManagementLock.lockedResourceId
  package: com.microsoft.azure.management.locks
- uid: com.microsoft.azure.management.locks.ManagementLock.notes*
  name: notes
  nameWithType: ManagementLock.notes
  fullName: com.microsoft.azure.management.locks.ManagementLock.notes
  package: com.microsoft.azure.management.locks
- uid: com.microsoft.azure.management.resources.fluentcore.arm.models.HasId
  name: HasId
  nameWithType: HasId
  fullName: com.microsoft.azure.management.resources.fluentcore.arm.models.HasId
- uid: com.microsoft.azure.management.resources.fluentcore.model.Indexable
  name: Indexable
  nameWithType: Indexable
  fullName: com.microsoft.azure.management.resources.fluentcore.model.Indexable
- uid: com.microsoft.azure.management.resources.fluentcore.model.Refreshable<com.microsoft.azure.management.locks.ManagementLock>
  name: Refreshable<ManagementLock>
  nameWithType: Refreshable<ManagementLock>
  fullName: com.microsoft.azure.management.resources.fluentcore.model.Refreshable<com.microsoft.azure.management.locks.ManagementLock>
- uid: com.microsoft.azure.management.resources.fluentcore.arm.models.HasManager<com.microsoft.azure.management.locks.implementation.AuthorizationManager>
  name: HasManager<AuthorizationManager>
  nameWithType: HasManager<AuthorizationManager>
  fullName: com.microsoft.azure.management.resources.fluentcore.arm.models.HasManager<com.microsoft.azure.management.locks.implementation.AuthorizationManager>
- uid: com.microsoft.azure.management.resources.fluentcore.model.HasInner<com.microsoft.azure.management.locks.implementation.ManagementLockObjectInner>
  name: HasInner<ManagementLockObjectInner>
  nameWithType: HasInner<ManagementLockObjectInner>
  fullName: com.microsoft.azure.management.resources.fluentcore.model.HasInner<com.microsoft.azure.management.locks.implementation.ManagementLockObjectInner>
- uid: com.microsoft.azure.management.resources.fluentcore.model.Updatable<com.microsoft.azure.management.locks.ManagementLock.Update>
  name: Updatable<ManagementLock.Update>
  nameWithType: Updatable<ManagementLock.Update>
  fullName: com.microsoft.azure.management.resources.fluentcore.model.Updatable<com.microsoft.azure.management.locks.ManagementLock.Update>
- uid: com.microsoft.azure.management.locks.ManagementLock.Definition
  name: ManagementLock.Definition
  nameWithType: ManagementLock.Definition
  fullName: com.microsoft.azure.management.locks.ManagementLock.Definition
- uid: com.microsoft.azure.management.locks.ManagementLock.DefinitionStages
  name: ManagementLock.DefinitionStages
  nameWithType: ManagementLock.DefinitionStages
  fullName: com.microsoft.azure.management.locks.ManagementLock.DefinitionStages
- uid: com.microsoft.azure.management.locks.ManagementLock.Update
  name: ManagementLock.Update
  nameWithType: ManagementLock.Update
  fullName: com.microsoft.azure.management.locks.ManagementLock.Update
- uid: com.microsoft.azure.management.locks.ManagementLock.UpdateStages
  name: ManagementLock.UpdateStages
  nameWithType: ManagementLock.UpdateStages
  fullName: com.microsoft.azure.management.locks.ManagementLock.UpdateStages
- uid: com.microsoft.azure.management.resources.fluentcore.model.Refreshable
  name: Refreshable
  nameWithType: Refreshable
  fullName: com.microsoft.azure.management.resources.fluentcore.model.Refreshable
- uid: com.microsoft.azure.management.resources.fluentcore.arm.models.HasManager
  name: HasManager
  nameWithType: HasManager
  fullName: com.microsoft.azure.management.resources.fluentcore.arm.models.HasManager
- uid: com.microsoft.azure.management.locks.implementation.AuthorizationManager
  name: AuthorizationManager
  nameWithType: AuthorizationManager
  fullName: com.microsoft.azure.management.locks.implementation.AuthorizationManager
- uid: com.microsoft.azure.management.resources.fluentcore.model.HasInner
  name: HasInner
  nameWithType: HasInner
  fullName: com.microsoft.azure.management.resources.fluentcore.model.HasInner
- uid: com.microsoft.azure.management.locks.implementation.ManagementLockObjectInner
  name: ManagementLockObjectInner
  nameWithType: ManagementLockObjectInner
  fullName: com.microsoft.azure.management.locks.implementation.ManagementLockObjectInner
- uid: com.microsoft.azure.management.resources.fluentcore.model.Updatable
  name: Updatable
  nameWithType: Updatable
  fullName: com.microsoft.azure.management.resources.fluentcore.model.Updatable
