### YamlMime:JavaMember
uid: "com.azure.messaging.servicebus.ServiceBusErrorSource.RENEW_LOCK*"
fullName: "com.azure.messaging.servicebus.ServiceBusErrorSource.RENEW_LOCK"
name: "RENEW_LOCK"
nameWithType: "ServiceBusErrorSource.RENEW_LOCK"
members:
- uid: "com.azure.messaging.servicebus.ServiceBusErrorSource.RENEW_LOCK"
  fullName: "com.azure.messaging.servicebus.ServiceBusErrorSource.RENEW_LOCK"
  name: "RENEW_LOCK"
  nameWithType: "ServiceBusErrorSource.RENEW_LOCK"
  summary: "Error while renewing lock."
  syntax: "public static final ServiceBusErrorSource RENEW_LOCK"
type: "field"
metadata: {}
package: "com.azure.messaging.servicebus"
artifact: com.azure:azure-messaging-servicebus:7.1.0
