### YamlMime:JavaType
uid: "com.azure.storage.blob.models.Block"
fullName: "com.azure.storage.blob.models.Block"
name: "Block"
nameWithType: "Block"
summary: "Represents a single block in a block blob. It describes the block's ID and size."
inheritances:
- "<xref href=\"java.lang.Object\" data-throw-if-not-resolved=\"False\" />"
inheritedMembers:
- "java.lang.Object.clone()"
- "java.lang.Object.equals(java.lang.Object)"
- "java.lang.Object.finalize()"
- "java.lang.Object.getClass()"
- "java.lang.Object.hashCode()"
- "java.lang.Object.notify()"
- "java.lang.Object.notifyAll()"
- "java.lang.Object.toString()"
- "java.lang.Object.wait()"
- "java.lang.Object.wait(long)"
- "java.lang.Object.wait(long,int)"
syntax: "public final class Block"
constructors:
- "com.azure.storage.blob.models.Block.Block()"
methods:
- "com.azure.storage.blob.models.Block.getName()"
- "com.azure.storage.blob.models.Block.getSize()"
- "com.azure.storage.blob.models.Block.getSizeLong()"
- "com.azure.storage.blob.models.Block.setName(java.lang.String)"
- "com.azure.storage.blob.models.Block.setSize(int)"
- "com.azure.storage.blob.models.Block.setSizeLong(long)"
type: "class"
metadata: {}
package: "com.azure.storage.blob.models"
artifact: com.azure:azure-storage-blob:12.8.0
