### YamlMime:ManagedReference
items:
- uid: com.microsoft.azure.elasticdb.shard.utils._name_lock
  id: _name_lock
  parent: com.microsoft.azure.elasticdb.shard.utils
  children:
  - com.microsoft.azure.elasticdb.shard.utils._name_lock.NameLock(String)
  href: com.microsoft.azure.elasticdb.shard.utils._name_lock.yml
  langs:
  - java
  name: NameLock
  nameWithType: NameLock
  fullName: com.microsoft.azure.elasticdb.shard.utils.NameLock
  type: Class
  source:
    remote: &o0
      path: elastic-db-tools/src/main/java/com/microsoft/azure/elasticdb/shard/utils/NameLock.java
      branch: master
      repo: https://github.com/Microsoft/elastic-db-tools-for-java
    path: elastic-db-tools/src/main/java/com/microsoft/azure/elasticdb/shard/utils/NameLock.java
    startLine: 13
  package: com.microsoft.azure.elasticdb.shard.utils
  summary: <p>Implementation of name locks. Allows mutual exclusion on names. </p>
  syntax:
    content: public class NameLock extends ValueLock<String>
  inheritance:
  - java.lang.Object
  - com.microsoft.azure.elasticdb.shard.utils._value_lock
  inheritedMembers:
  - com.microsoft.azure.elasticdb.shard.utils._value_lock.close()
  - com.microsoft.azure.elasticdb.shard.utils._value_lock.ValueLock(T)
- uid: com.microsoft.azure.elasticdb.shard.utils._name_lock.NameLock(String)
  id: NameLock(String)
  parent: com.microsoft.azure.elasticdb.shard.utils._name_lock
  href: com.microsoft.azure.elasticdb.shard.utils._name_lock.yml
  langs:
  - java
  name: NameLock(String name)
  nameWithType: NameLock.NameLock(String name)
  fullName: com.microsoft.azure.elasticdb.shard.utils.NameLock.NameLock(String name)
  overload: com.microsoft.azure.elasticdb.shard.utils._name_lock.NameLock*
  type: Constructor
  source:
    remote: *o0
    path: elastic-db-tools/src/main/java/com/microsoft/azure/elasticdb/shard/utils/NameLock.java
    startLine: 21
  package: com.microsoft.azure.elasticdb.shard.utils
  summary: >-
    <p>Instantiates a name lock with given name and acquires the name lock.</p>

    <p></p>
  syntax:
    content: public NameLock(String name)
    parameters:
    - id: name
      type: "26831127"
      description: <p>Given name. </p>
references:
- uid: "26831127"
  spec.java:
  - name: String
    fullName: String
- uid: com.microsoft.azure.elasticdb.shard.utils._name_lock.NameLock*
  name: NameLock
  nameWithType: NameLock.NameLock
  fullName: com.microsoft.azure.elasticdb.shard.utils.NameLock.NameLock
  package: com.microsoft.azure.elasticdb.shard.utils
- uid: com.microsoft.azure.elasticdb.shard.utils._value_lock.close()
  parent: com.microsoft.azure.elasticdb.shard.utils._value_lock
  href: com.microsoft.azure.elasticdb.shard.utils._value_lock.yml
  name: close()
  nameWithType: ValueLock<T>.close()
  fullName: final void com.microsoft.azure.elasticdb.shard.utils.ValueLock<T>.close()
  type: Method
  summary: <p>Releases the reference on the value, unlocks it if reference count reaches 0. </p>
  syntax:
    content: public final void close()
    return:
      type: 3f6357ce
- uid: com.microsoft.azure.elasticdb.shard.utils._value_lock.ValueLock(T)
  parent: com.microsoft.azure.elasticdb.shard.utils._value_lock
  href: com.microsoft.azure.elasticdb.shard.utils._value_lock.yml
  name: ValueLock(T value)
  nameWithType: ValueLock<T>.ValueLock(T value)
  fullName: com.microsoft.azure.elasticdb.shard.utils.ValueLock<T>.ValueLock(T value)
  type: Constructor
  summary: >-
    <p>Constructs an instace of lock on input value and locks it.</p>

    <p></p>
  syntax:
    content: public ValueLock(T value)
    parameters:
    - id: value
      type: 8ce1ecb9
      description: <p>Value being locked. </p>
- uid: com.microsoft.azure.elasticdb.shard.utils._value_lock
  parent: com.microsoft.azure.elasticdb.shard.utils
  href: com.microsoft.azure.elasticdb.shard.utils._value_lock.yml
  name: ValueLock<T>
  nameWithType: ValueLock<T>
  fullName: com.microsoft.azure.elasticdb.shard.utils.ValueLock<T>
  type: Class
  summary: >-
    <p>Mutual exclusion construct for values.</p>

    <p></p>
  syntax:
    content: public class ValueLock<T>
    typeParameters:
    - type: 8ce1ecb9
