### YamlMime:ManagedReference
items:
- uid: com.microsoft.azure.sdk.iot.device.ObjectLock
  id: ObjectLock
  artifact: com.microsoft.azure.sdk.iot:iot-device-client:1.26.0
  parent: com.microsoft.azure.sdk.iot.device
  children:
  - com.microsoft.azure.sdk.iot.device.ObjectLock.ObjectLock()
  - com.microsoft.azure.sdk.iot.device.ObjectLock.notifyLock()
  - com.microsoft.azure.sdk.iot.device.ObjectLock.waitLock(long)
  langs:
  - java
  name: ObjectLock
  nameWithType: ObjectLock
  fullName: com.microsoft.azure.sdk.iot.device.ObjectLock
  type: Class
  package: com.microsoft.azure.sdk.iot.device
  summary: This class enables mocking of the base class wait and notify functions
  syntax:
    content: public class ObjectLock
  inheritance:
  - java.lang.Object
  inheritedMembers:
  - java.lang.Object.clone()
  - java.lang.Object.equals(java.lang.Object)
  - java.lang.Object.finalize()
  - java.lang.Object.getClass()
  - java.lang.Object.hashCode()
  - java.lang.Object.notify()
  - java.lang.Object.notifyAll()
  - java.lang.Object.toString()
  - java.lang.Object.wait()
  - java.lang.Object.wait(long)
  - java.lang.Object.wait(long,int)
- uid: com.microsoft.azure.sdk.iot.device.ObjectLock.ObjectLock()
  id: ObjectLock()
  artifact: com.microsoft.azure.sdk.iot:iot-device-client:1.26.0
  parent: com.microsoft.azure.sdk.iot.device.ObjectLock
  langs:
  - java
  name: ObjectLock()
  nameWithType: ObjectLock.ObjectLock()
  fullName: com.microsoft.azure.sdk.iot.device.ObjectLock.ObjectLock()
  overload: com.microsoft.azure.sdk.iot.device.ObjectLock.ObjectLock*
  type: Constructor
  package: com.microsoft.azure.sdk.iot.device
  syntax:
    content: public ObjectLock()
- uid: com.microsoft.azure.sdk.iot.device.ObjectLock.notifyLock()
  id: notifyLock()
  artifact: com.microsoft.azure.sdk.iot:iot-device-client:1.26.0
  parent: com.microsoft.azure.sdk.iot.device.ObjectLock
  langs:
  - java
  name: notifyLock()
  nameWithType: ObjectLock.notifyLock()
  fullName: com.microsoft.azure.sdk.iot.device.ObjectLock.notifyLock()
  overload: com.microsoft.azure.sdk.iot.device.ObjectLock.notifyLock*
  type: Method
  package: com.microsoft.azure.sdk.iot.device
  syntax:
    content: public void notifyLock()
- uid: com.microsoft.azure.sdk.iot.device.ObjectLock.waitLock(long)
  id: waitLock(long)
  artifact: com.microsoft.azure.sdk.iot:iot-device-client:1.26.0
  parent: com.microsoft.azure.sdk.iot.device.ObjectLock
  langs:
  - java
  name: waitLock(long timeout)
  nameWithType: ObjectLock.waitLock(long timeout)
  fullName: com.microsoft.azure.sdk.iot.device.ObjectLock.waitLock(long timeout)
  overload: com.microsoft.azure.sdk.iot.device.ObjectLock.waitLock*
  type: Method
  package: com.microsoft.azure.sdk.iot.device
  syntax:
    content: public void waitLock(long timeout)
    parameters:
    - id: timeout
      type: long
  exceptions:
  - type: java.lang.InterruptedException
references:
- uid: com.microsoft.azure.sdk.iot.device.ObjectLock.ObjectLock*
  name: ObjectLock
  nameWithType: ObjectLock.ObjectLock
  fullName: com.microsoft.azure.sdk.iot.device.ObjectLock.ObjectLock
  package: com.microsoft.azure.sdk.iot.device
- uid: java.lang.InterruptedException
  spec.java:
  - uid: java.lang.InterruptedException
    name: InterruptedException
    fullName: java.lang.InterruptedException
- uid: long
  spec.java:
  - uid: long
    name: long
    fullName: long
- uid: com.microsoft.azure.sdk.iot.device.ObjectLock.waitLock*
  name: waitLock
  nameWithType: ObjectLock.waitLock
  fullName: com.microsoft.azure.sdk.iot.device.ObjectLock.waitLock
  package: com.microsoft.azure.sdk.iot.device
- uid: com.microsoft.azure.sdk.iot.device.ObjectLock.notifyLock*
  name: notifyLock
  nameWithType: ObjectLock.notifyLock
  fullName: com.microsoft.azure.sdk.iot.device.ObjectLock.notifyLock
  package: com.microsoft.azure.sdk.iot.device
- uid: java.lang.Object.notify()
  name: Object.notify()
  nameWithType: Object.notify()
  fullName: java.lang.Object.notify()
- uid: java.lang.Object.wait()
  name: Object.wait()
  nameWithType: Object.wait()
  fullName: java.lang.Object.wait()
- uid: java.lang.Object.finalize()
  name: Object.finalize()
  nameWithType: Object.finalize()
  fullName: java.lang.Object.finalize()
- uid: java.lang.Object.clone()
  name: Object.clone()
  nameWithType: Object.clone()
  fullName: java.lang.Object.clone()
- uid: java.lang.Object.notifyAll()
  name: Object.notifyAll()
  nameWithType: Object.notifyAll()
  fullName: java.lang.Object.notifyAll()
- uid: java.lang.Object.equals(java.lang.Object)
  name: Object.equals(Object)
  nameWithType: Object.equals(Object)
  fullName: java.lang.Object.equals(java.lang.Object)
- uid: java.lang.Object.getClass()
  name: Object.getClass()
  nameWithType: Object.getClass()
  fullName: java.lang.Object.getClass()
- uid: java.lang.Object.wait(long)
  name: Object.wait(long)
  nameWithType: Object.wait(long)
  fullName: java.lang.Object.wait(long)
- uid: java.lang.Object.hashCode()
  name: Object.hashCode()
  nameWithType: Object.hashCode()
  fullName: java.lang.Object.hashCode()
- uid: java.lang.Object.wait(long,int)
  name: Object.wait(long,int)
  nameWithType: Object.wait(long,int)
  fullName: java.lang.Object.wait(long,int)
- uid: java.lang.Object.toString()
  name: Object.toString()
  nameWithType: Object.toString()
  fullName: java.lang.Object.toString()
