### YamlMime:JavaMember
nameWithType: StorageErrorCodeStrings.INVALID_BLOB_OR_BLOCK
type: field
members:
- fullName: com.microsoft.azure.storage.StorageErrorCodeStrings.INVALID_BLOB_OR_BLOCK
  name: INVALID_BLOB_OR_BLOCK
  nameWithType: StorageErrorCodeStrings.INVALID_BLOB_OR_BLOCK
  returns:
    type: <xref href="final+String?alt=final+String&text=final+String" data-throw-if-not-resolved="False"/>
  summary: <p>The specified blob or block content is invalid. </p>
  syntax: public static final String INVALID_BLOB_OR_BLOCK= "InvalidBlobOrBlock"
  uid: com.microsoft.azure.storage.StorageErrorCodeStrings.INVALID_BLOB_OR_BLOCK
uid: com.microsoft.azure.storage.StorageErrorCodeStrings.INVALID_BLOB_OR_BLOCK*
fullName: com.microsoft.azure.storage.StorageErrorCodeStrings.INVALID_BLOB_OR_BLOCK
name: INVALID_BLOB_OR_BLOCK
package: com.microsoft.azure.storage
metadata: {}
