### YamlMime:JavaMember
uid: "com.azure.storage.blob.models.BlobErrorCode.INVALID_BLOB_OR_BLOCK*"
fullName: "com.azure.storage.blob.models.BlobErrorCode.INVALID_BLOB_OR_BLOCK"
name: "INVALID_BLOB_OR_BLOCK"
nameWithType: "BlobErrorCode.INVALID_BLOB_OR_BLOCK"
members:
- uid: "com.azure.storage.blob.models.BlobErrorCode.INVALID_BLOB_OR_BLOCK"
  fullName: "com.azure.storage.blob.models.BlobErrorCode.INVALID_BLOB_OR_BLOCK"
  name: "INVALID_BLOB_OR_BLOCK"
  nameWithType: "BlobErrorCode.INVALID_BLOB_OR_BLOCK"
  summary: "Static value InvalidBlobOrBlock for BlobErrorCode."
  syntax: "public static final BlobErrorCode INVALID_BLOB_OR_BLOCK"
type: "field"
metadata: {}
package: "com.azure.storage.blob.models"
artifact: com.azure:azure-storage-blob:12.8.0
