### YamlMime:JavaMember
uid: "com.azure.storage.blob.specialized.AppendBlobClient.appendBlock*"
fullName: "com.azure.storage.blob.specialized.AppendBlobClient.appendBlock"
name: "appendBlock"
nameWithType: "AppendBlobClient.appendBlock"
members:
- uid: "com.azure.storage.blob.specialized.AppendBlobClient.appendBlock(java.io.InputStream,long)"
  fullName: "com.azure.storage.blob.specialized.AppendBlobClient.appendBlock(InputStream data, long length)"
  name: "appendBlock(InputStream data, long length)"
  nameWithType: "AppendBlobClient.appendBlock(InputStream data, long length)"
  summary: "Commits a new block of data to the end of the existing append blob.\n\nNote that the data passed must be replayable if retries are enabled (the default). In other words, the `Flux` must produce the same data each time it is subscribed to.\n\n**Code Samples**\n\n```java\nSystem.out.printf(\"AppendBlob has %d committed blocks%n\",\n     client.appendBlock(data, length).getBlobCommittedBlockCount());\n```"
  parameters:
  - description: "The data to write to the blob. The data must be markable. This is in order to support retries. If\n the data is not markable, consider using <xref uid=\"com.azure.storage.blob.specialized.AppendBlobClient.getBlobOutputStream()\" data-throw-if-not-resolved=\"false\">#getBlobOutputStream()</xref> and writing to the returned OutputStream.\n Alternatively, consider wrapping your data source in a <xref uid=\"\" data-throw-if-not-resolved=\"false\">java.io.BufferedInputStream</xref> to add mark support."
    name: "data"
    type: "<xref href=\"java.io.InputStream?alt=java.io.InputStream&text=InputStream\" data-throw-if-not-resolved=\"False\" />"
  - description: "The exact length of the data. It is important that this value match precisely the length of the\n data emitted by the <code>Flux</code>."
    name: "length"
    type: "<xref href=\"long?alt=long&text=long\" data-throw-if-not-resolved=\"False\" />"
  syntax: "public AppendBlobItem appendBlock(InputStream data, long length)"
  returns:
    description: "The information of the append blob operation."
    type: "<xref href=\"com.azure.storage.blob.models.AppendBlobItem?alt=com.azure.storage.blob.models.AppendBlobItem&text=AppendBlobItem\" data-throw-if-not-resolved=\"False\" />"
type: "method"
metadata: {}
package: "com.azure.storage.blob.specialized"
artifact: com.azure:azure-storage-blob:12.8.0
