### YamlMime:JavaMember
uid: "com.microsoft.azure.sdk.iot.device.transport.IotHubTransport.getReceiveThreadLock*"
fullName: "com.microsoft.azure.sdk.iot.device.transport.IotHubTransport.getReceiveThreadLock"
name: "getReceiveThreadLock"
nameWithType: "IotHubTransport.getReceiveThreadLock"
members:
- uid: "com.microsoft.azure.sdk.iot.device.transport.IotHubTransport.getReceiveThreadLock()"
  fullName: "com.microsoft.azure.sdk.iot.device.transport.IotHubTransport.getReceiveThreadLock()"
  name: "getReceiveThreadLock()"
  nameWithType: "IotHubTransport.getReceiveThreadLock()"
  syntax: "public Object getReceiveThreadLock()"
  returns:
    type: "<xref href=\"java.lang.Object?alt=java.lang.Object&text=Object\" data-throw-if-not-resolved=\"False\" />"
type: "method"
metadata: {}
package: "com.microsoft.azure.sdk.iot.device.transport"
artifact: com.microsoft.azure.sdk.iot:iot-device-client:1.26.0
