### YamlMime:JavaMember
nameWithType: MappingLockToken.NoLock
type: field
members:
- fullName: com.microsoft.azure.elasticdb.shard.base.MappingLockToken.NoLock
  name: NoLock
  nameWithType: MappingLockToken.NoLock
  returns:
    type: final <xref href="com.microsoft.azure.elasticdb.shard.base.MappingLockToken?alt=com.microsoft.azure.elasticdb.shard.base.MappingLockToken&text=MappingLockToken" data-throw-if-not-resolved="False"/>
  summary: <p>Token representing the default state where the mapping isn't locked. </p>
  syntax: public static final MappingLockToken NoLock= new MappingLockToken(new UUID(0L, 0L))
  uid: com.microsoft.azure.elasticdb.shard.base.MappingLockToken.NoLock
uid: com.microsoft.azure.elasticdb.shard.base.MappingLockToken.NoLock
fullName: com.microsoft.azure.elasticdb.shard.base.MappingLockToken.NoLock
name: NoLock
package: com.microsoft.azure.elasticdb.shard.base
metadata: {}
