### YamlMime:JavaMember
uid: "com.azure.messaging.servicebus.ServiceBusReceiverClient.renewSessionLock*"
fullName: "com.azure.messaging.servicebus.ServiceBusReceiverClient.renewSessionLock"
name: "renewSessionLock"
nameWithType: "ServiceBusReceiverClient.renewSessionLock"
members:
- uid: "com.azure.messaging.servicebus.ServiceBusReceiverClient.renewSessionLock()"
  fullName: "com.azure.messaging.servicebus.ServiceBusReceiverClient.renewSessionLock()"
  name: "renewSessionLock()"
  nameWithType: "ServiceBusReceiverClient.renewSessionLock()"
  summary: "Sets the state of the session if this receiver is a session receiver."
  syntax: "public OffsetDateTime renewSessionLock()"
  returns:
    description: "The next expiration time for the session lock."
    type: "<xref href=\"java.time.OffsetDateTime?alt=java.time.OffsetDateTime&text=OffsetDateTime\" data-throw-if-not-resolved=\"False\" />"
- uid: "com.azure.messaging.servicebus.ServiceBusReceiverClient.renewSessionLock(java.time.Duration,java.util.function.Consumer<java.lang.Throwable>)"
  fullName: "com.azure.messaging.servicebus.ServiceBusReceiverClient.renewSessionLock(Duration maxLockRenewalDuration, Consumer<Throwable> onError)"
  name: "renewSessionLock(Duration maxLockRenewalDuration, Consumer<Throwable> onError)"
  nameWithType: "ServiceBusReceiverClient.renewSessionLock(Duration maxLockRenewalDuration, Consumer<Throwable> onError)"
  summary: "Starts the auto lock renewal for the session that this receiver works for."
  parameters:
  - description: "Maximum duration to keep renewing the session."
    name: "maxLockRenewalDuration"
    type: "<xref href=\"java.time.Duration?alt=java.time.Duration&text=Duration\" data-throw-if-not-resolved=\"False\" />"
  - description: "A function to call when an error occurs during lock renewal."
    name: "onError"
    type: "<xref href=\"java.util.function.Consumer?alt=java.util.function.Consumer&text=Consumer\" data-throw-if-not-resolved=\"False\" />&lt;<xref href=\"java.lang.Throwable?alt=java.lang.Throwable&text=Throwable\" data-throw-if-not-resolved=\"False\" />&gt;"
  syntax: "public void renewSessionLock(Duration maxLockRenewalDuration, Consumer<Throwable> onError)"
type: "method"
metadata: {}
package: "com.azure.messaging.servicebus"
artifact: com.azure:azure-messaging-servicebus:7.1.0
