### YamlMime:JavaType
uid: "com.azure.resourcemanager.recoveryservicesbackup.models.AcquireStorageAccountLock"
fullName: "com.azure.resourcemanager.recoveryservicesbackup.models.AcquireStorageAccountLock"
name: "AcquireStorageAccountLock"
nameWithType: "AcquireStorageAccountLock"
summary: "Whether storage account lock is to be acquired for this container or not."
inheritances:
- "<xref href=\"java.lang.Object?displayProperty=fullName\" data-throw-if-not-resolved=\"False\" />"
- "<xref href=\"com.azure.core.util.ExpandableStringEnum?displayProperty=fullName\" data-throw-if-not-resolved=\"False\" />"
inheritedClassMethods:
- classRef: "<xref href=\"com.azure.core.util.ExpandableStringEnum?alt=com.azure.core.util.ExpandableStringEnum&text=ExpandableStringEnum\" data-throw-if-not-resolved=\"False\" />"
  methodsRef:
  - "<xref href=\"com.azure.core.util.ExpandableStringEnum.<T>fromString(java.lang.String,java.lang.Class<T>)?alt=com.azure.core.util.ExpandableStringEnum.<T>fromString&text=<T>fromString\" data-throw-if-not-resolved=\"False\" />"
  - "<xref href=\"com.azure.core.util.ExpandableStringEnum.<T>values(java.lang.Class<T>)?alt=com.azure.core.util.ExpandableStringEnum.<T>values&text=<T>values\" data-throw-if-not-resolved=\"False\" />"
  - "<xref href=\"com.azure.core.util.ExpandableStringEnum.equals(java.lang.Object)?alt=com.azure.core.util.ExpandableStringEnum.equals&text=equals\" data-throw-if-not-resolved=\"False\" />"
  - "<xref href=\"com.azure.core.util.ExpandableStringEnum.getValue()?alt=com.azure.core.util.ExpandableStringEnum.getValue&text=getValue\" data-throw-if-not-resolved=\"False\" />"
  - "<xref href=\"com.azure.core.util.ExpandableStringEnum.hashCode()?alt=com.azure.core.util.ExpandableStringEnum.hashCode&text=hashCode\" data-throw-if-not-resolved=\"False\" />"
  - "<xref href=\"com.azure.core.util.ExpandableStringEnum.toString()?alt=com.azure.core.util.ExpandableStringEnum.toString&text=toString\" data-throw-if-not-resolved=\"False\" />"
- classRef: "java.lang.<a href=\"https://docs.oracle.com/javase/8/docs/api/java/lang/Object.html\">Object</a>"
  methodsRef:
  - "<a href=\"https://docs.oracle.com/javase/8/docs/api/java/lang/Object.html#clone--\">clone</a>"
  - "<a href=\"https://docs.oracle.com/javase/8/docs/api/java/lang/Object.html#finalize--\">finalize</a>"
  - "<a href=\"https://docs.oracle.com/javase/8/docs/api/java/lang/Object.html#getClass--\">getClass</a>"
  - "<a href=\"https://docs.oracle.com/javase/8/docs/api/java/lang/Object.html#notify--\">notify</a>"
  - "<a href=\"https://docs.oracle.com/javase/8/docs/api/java/lang/Object.html#notifyAll--\">notifyAll</a>"
  - "<a href=\"https://docs.oracle.com/javase/8/docs/api/java/lang/Object.html#wait--\">wait</a>"
  - "<a href=\"https://docs.oracle.com/javase/8/docs/api/java/lang/Object.html#wait-long-\">wait</a>"
  - "<a href=\"https://docs.oracle.com/javase/8/docs/api/java/lang/Object.html#wait-long-int-\">wait</a>"
syntax: "public final class **AcquireStorageAccountLock**</br> extends <xref href=\"com.azure.core.util.ExpandableStringEnum?alt=com.azure.core.util.ExpandableStringEnum&text=ExpandableStringEnum\" data-throw-if-not-resolved=\"False\" />&lt;<xref href=\"com.azure.resourcemanager.recoveryservicesbackup.models.AcquireStorageAccountLock?alt=com.azure.resourcemanager.recoveryservicesbackup.models.AcquireStorageAccountLock&text=AcquireStorageAccountLock\" data-throw-if-not-resolved=\"False\" />&gt;"
constructors:
- uid: "com.azure.resourcemanager.recoveryservicesbackup.models.AcquireStorageAccountLock.AcquireStorageAccountLock()"
  fullName: "com.azure.resourcemanager.recoveryservicesbackup.models.AcquireStorageAccountLock.AcquireStorageAccountLock()"
  name: "AcquireStorageAccountLock()"
  nameWithType: "AcquireStorageAccountLock.AcquireStorageAccountLock()"
  summary: "Creates a new instance of Acquire<wbr>Storage<wbr>Account<wbr>Lock value."
  deprecatedTag: "Use the <xref uid=\"com.azure.resourcemanager.recoveryservicesbackup.models.AcquireStorageAccountLock.fromString(java.lang.String)\" data-throw-if-not-resolved=\"false\" data-raw-source=\"#fromString(String)\"></xref> factory method."
  syntax: "<a href=\"https://docs.oracle.com/javase/8/docs/api/java/lang/Deprecated.html\">@Deprecated</a></br>public AcquireStorageAccountLock()"
  desc: "Creates a new instance of AcquireStorageAccountLock value."
  hasDeprecatedTag: true
fields:
- uid: "com.azure.resourcemanager.recoveryservicesbackup.models.AcquireStorageAccountLock.ACQUIRE"
  fullName: "com.azure.resourcemanager.recoveryservicesbackup.models.AcquireStorageAccountLock.ACQUIRE"
  name: "ACQUIRE"
  nameWithType: "AcquireStorageAccountLock.ACQUIRE"
  summary: "Static value Acquire for Acquire<wbr>Storage<wbr>Account<wbr>Lock."
  modifiers:
  - "static"
  - "final"
  field:
    type: "<xref href=\"com.azure.resourcemanager.recoveryservicesbackup.models.AcquireStorageAccountLock?alt=com.azure.resourcemanager.recoveryservicesbackup.models.AcquireStorageAccountLock&text=AcquireStorageAccountLock\" data-throw-if-not-resolved=\"False\" />"
  syntax: "public static final AcquireStorageAccountLock ACQUIRE"
  desc: "Static value Acquire for AcquireStorageAccountLock."
- uid: "com.azure.resourcemanager.recoveryservicesbackup.models.AcquireStorageAccountLock.NOT_ACQUIRE"
  fullName: "com.azure.resourcemanager.recoveryservicesbackup.models.AcquireStorageAccountLock.NOT_ACQUIRE"
  name: "NOT_ACQUIRE"
  nameWithType: "AcquireStorageAccountLock.NOT_ACQUIRE"
  summary: "Static value Not<wbr>Acquire for Acquire<wbr>Storage<wbr>Account<wbr>Lock."
  modifiers:
  - "static"
  - "final"
  field:
    type: "<xref href=\"com.azure.resourcemanager.recoveryservicesbackup.models.AcquireStorageAccountLock?alt=com.azure.resourcemanager.recoveryservicesbackup.models.AcquireStorageAccountLock&text=AcquireStorageAccountLock\" data-throw-if-not-resolved=\"False\" />"
  syntax: "public static final AcquireStorageAccountLock NOT_ACQUIRE"
  desc: "Static value NotAcquire for AcquireStorageAccountLock."
methods:
- uid: "com.azure.resourcemanager.recoveryservicesbackup.models.AcquireStorageAccountLock.fromString(java.lang.String)"
  fullName: "com.azure.resourcemanager.recoveryservicesbackup.models.AcquireStorageAccountLock.fromString(String name)"
  name: "fromString(String name)"
  nameWithType: "AcquireStorageAccountLock.fromString(String name)"
  summary: "Creates or finds a Acquire<wbr>Storage<wbr>Account<wbr>Lock from its string representation."
  modifiers:
  - "static"
  parameters:
  - description: "a name to look for."
    name: "name"
    type: "<a href=\"https://docs.oracle.com/javase/8/docs/api/java/lang/String.html\">String</a>"
  syntax: "public static AcquireStorageAccountLock fromString(String name)"
  desc: "Creates or finds a AcquireStorageAccountLock from its string representation."
  returns:
    description: "the corresponding AcquireStorageAccountLock."
    type: "<xref href=\"com.azure.resourcemanager.recoveryservicesbackup.models.AcquireStorageAccountLock?alt=com.azure.resourcemanager.recoveryservicesbackup.models.AcquireStorageAccountLock&text=AcquireStorageAccountLock\" data-throw-if-not-resolved=\"False\" />"
- uid: "com.azure.resourcemanager.recoveryservicesbackup.models.AcquireStorageAccountLock.values()"
  fullName: "com.azure.resourcemanager.recoveryservicesbackup.models.AcquireStorageAccountLock.values()"
  name: "values()"
  nameWithType: "AcquireStorageAccountLock.values()"
  summary: "Gets known Acquire<wbr>Storage<wbr>Account<wbr>Lock values."
  modifiers:
  - "static"
  syntax: "public static Collection<AcquireStorageAccountLock> values()"
  desc: "Gets known AcquireStorageAccountLock values."
  returns:
    description: "known AcquireStorageAccountLock values."
    type: "<a href=\"https://docs.oracle.com/javase/8/docs/api/java/util/Collection.html\">Collection</a>&lt;<xref href=\"com.azure.resourcemanager.recoveryservicesbackup.models.AcquireStorageAccountLock?alt=com.azure.resourcemanager.recoveryservicesbackup.models.AcquireStorageAccountLock&text=AcquireStorageAccountLock\" data-throw-if-not-resolved=\"False\" />&gt;"
type: "class"
desc: "Whether storage account lock is to be acquired for this container or not."
metadata: {}
package: "com.azure.resourcemanager.recoveryservicesbackup.models"
artifact: com.azure.resourcemanager:azure-resourcemanager-recoveryservicesbackup:1.6.0
