### YamlMime:ManagedReference
items:
- uid: com.microsoft.azure.elasticdb.shard.utils._value_lock
  id: _value_lock
  parent: com.microsoft.azure.elasticdb.shard.utils
  children:
  - com.microsoft.azure.elasticdb.shard.utils._value_lock.close()
  - com.microsoft.azure.elasticdb.shard.utils._value_lock.ValueLock(T)
  href: com.microsoft.azure.elasticdb.shard.utils._value_lock.yml
  langs:
  - java
  name: ValueLock<T>
  nameWithType: ValueLock<T>
  fullName: com.microsoft.azure.elasticdb.shard.utils.ValueLock<T>
  type: Class
  source:
    remote: &o0
      path: elastic-db-tools/src/main/java/com/microsoft/azure/elasticdb/shard/utils/ValueLock.java
      branch: master
      repo: https://github.com/Microsoft/elastic-db-tools-for-java
    path: elastic-db-tools/src/main/java/com/microsoft/azure/elasticdb/shard/utils/ValueLock.java
    startLine: 18
  package: com.microsoft.azure.elasticdb.shard.utils
  summary: >-
    <p>Mutual exclusion construct for values.</p>

    <p></p>
  syntax:
    content: public class ValueLock<T>
    typeParameters:
    - type: 8ce1ecb9
  inheritance:
  - java.lang.Object
  - AutoCloseable
- uid: com.microsoft.azure.elasticdb.shard.utils._value_lock.close()
  id: close()
  parent: com.microsoft.azure.elasticdb.shard.utils._value_lock
  href: com.microsoft.azure.elasticdb.shard.utils._value_lock.yml
  langs:
  - java
  name: close()
  nameWithType: ValueLock<T>.close()
  fullName: final void com.microsoft.azure.elasticdb.shard.utils.ValueLock<T>.close()
  overload: com.microsoft.azure.elasticdb.shard.utils._value_lock.close*
  type: Method
  source:
    remote: *o0
    path: elastic-db-tools/src/main/java/com/microsoft/azure/elasticdb/shard/utils/ValueLock.java
    startLine: 66
  package: com.microsoft.azure.elasticdb.shard.utils
  summary: <p>Releases the reference on the value, unlocks it if reference count reaches 0. </p>
  syntax:
    content: public final void close()
    return:
      type: 3f6357ce
- uid: com.microsoft.azure.elasticdb.shard.utils._value_lock.ValueLock(T)
  id: ValueLock(T)
  parent: com.microsoft.azure.elasticdb.shard.utils._value_lock
  href: com.microsoft.azure.elasticdb.shard.utils._value_lock.yml
  langs:
  - java
  name: ValueLock(T value)
  nameWithType: ValueLock<T>.ValueLock(T value)
  fullName: com.microsoft.azure.elasticdb.shard.utils.ValueLock<T>.ValueLock(T value)
  overload: com.microsoft.azure.elasticdb.shard.utils._value_lock.ValueLock*
  type: Constructor
  source:
    remote: *o0
    path: elastic-db-tools/src/main/java/com/microsoft/azure/elasticdb/shard/utils/ValueLock.java
    startLine: 46
  package: com.microsoft.azure.elasticdb.shard.utils
  summary: >-
    <p>Constructs an instace of lock on input value and locks it.</p>

    <p></p>
  syntax:
    content: public ValueLock(T value)
    parameters:
    - id: value
      type: 8ce1ecb9
      description: <p>Value being locked. </p>
references:
- uid: 8ce1ecb9
  spec.java:
  - name: T
    fullName: T
- uid: com.microsoft.azure.elasticdb.shard.utils._value_lock.ValueLock*
  name: ValueLock
  nameWithType: ValueLock<T>.ValueLock
  fullName: com.microsoft.azure.elasticdb.shard.utils.ValueLock<T>.ValueLock
  package: com.microsoft.azure.elasticdb.shard.utils
- uid: 3f6357ce
  spec.java:
  - name: final void
    fullName: final void
- uid: com.microsoft.azure.elasticdb.shard.utils._value_lock.close*
  name: close
  nameWithType: ValueLock<T>.close
  fullName: final void com.microsoft.azure.elasticdb.shard.utils.ValueLock<T>.close
  package: com.microsoft.azure.elasticdb.shard.utils
