### YamlMime:ManagedReference
items:
- uid: "com.azure.identity.implementation.msalextensions.CacheLock"
  id: "CacheLock"
  parent: "com.azure.identity.implementation.msalextensions"
  children:
  - "com.azure.identity.implementation.msalextensions.CacheLock.CacheLock(java.lang.String)"
  - "com.azure.identity.implementation.msalextensions.CacheLock.CacheLock(java.lang.String,java.lang.String)"
  - "com.azure.identity.implementation.msalextensions.CacheLock.lock()"
  - "com.azure.identity.implementation.msalextensions.CacheLock.unlock()"
  langs:
  - "java"
  name: "CacheLock"
  nameWithType: "CacheLock"
  fullName: "com.azure.identity.implementation.msalextensions.CacheLock"
  type: "Class"
  package: "com.azure.identity.implementation.msalextensions"
  summary: "Cache lock for the persistent shared MSAL token cache Needed to maintain the integrity of the cache if multiple processes are trying to access it at the same time."
  syntax:
    content: "public class CacheLock"
  inheritance:
  - "java.lang.Object"
  inheritedMembers:
  - "java.lang.Object.clone()"
  - "java.lang.Object.equals(java.lang.Object)"
  - "java.lang.Object.finalize()"
  - "java.lang.Object.getClass()"
  - "java.lang.Object.hashCode()"
  - "java.lang.Object.notify()"
  - "java.lang.Object.notifyAll()"
  - "java.lang.Object.toString()"
  - "java.lang.Object.wait()"
  - "java.lang.Object.wait(long)"
  - "java.lang.Object.wait(long,int)"
- uid: "com.azure.identity.implementation.msalextensions.CacheLock.CacheLock(java.lang.String)"
  id: "CacheLock(java.lang.String)"
  parent: "com.azure.identity.implementation.msalextensions.CacheLock"
  langs:
  - "java"
  name: "CacheLock(String lockfileName)"
  nameWithType: "CacheLock.CacheLock(String lockfileName)"
  fullName: "com.azure.identity.implementation.msalextensions.CacheLock.CacheLock(String lockfileName)"
  overload: "com.azure.identity.implementation.msalextensions.CacheLock.CacheLock*"
  type: "Constructor"
  package: "com.azure.identity.implementation.msalextensions"
  summary: "Default constructor to be used to initialize CacheLock"
  syntax:
    content: "public CacheLock(String lockfileName)"
    parameters:
    - id: "lockfileName"
      type: "java.lang.String"
      description: "path of the lock file to be used"
- uid: "com.azure.identity.implementation.msalextensions.CacheLock.CacheLock(java.lang.String,java.lang.String)"
  id: "CacheLock(java.lang.String,java.lang.String)"
  parent: "com.azure.identity.implementation.msalextensions.CacheLock"
  langs:
  - "java"
  name: "CacheLock(String lockfileName, String id)"
  nameWithType: "CacheLock.CacheLock(String lockfileName, String id)"
  fullName: "com.azure.identity.implementation.msalextensions.CacheLock.CacheLock(String lockfileName, String id)"
  overload: "com.azure.identity.implementation.msalextensions.CacheLock.CacheLock*"
  type: "Constructor"
  package: "com.azure.identity.implementation.msalextensions"
  summary: "Constructor to be used for debugging purposes Enables printing the actions for each process while using the cache lock"
  syntax:
    content: "public CacheLock(String lockfileName, String id)"
    parameters:
    - id: "lockfileName"
      type: "java.lang.String"
      description: "path of the lock file to be used"
    - id: "id"
      type: "java.lang.String"
      description: "name of the current process so"
- uid: "com.azure.identity.implementation.msalextensions.CacheLock.lock()"
  id: "lock()"
  parent: "com.azure.identity.implementation.msalextensions.CacheLock"
  langs:
  - "java"
  name: "lock()"
  nameWithType: "CacheLock.lock()"
  fullName: "com.azure.identity.implementation.msalextensions.CacheLock.lock()"
  overload: "com.azure.identity.implementation.msalextensions.CacheLock.lock*"
  type: "Method"
  package: "com.azure.identity.implementation.msalextensions"
  summary: "Tries to obtain the lock by creating a file lock on the provided lockFile If it cannot be obtained right away, it retries lockfileRetryCount = 60000 / lockfileRetryWait times"
  syntax:
    content: "public void lock()"
  exceptions:
  - type: "com.azure.identity.implementation.msalextensions.CacheLockNotObtainedException"
    description: "if the lock cannot be obtained after all these tries."
- uid: "com.azure.identity.implementation.msalextensions.CacheLock.unlock()"
  id: "unlock()"
  parent: "com.azure.identity.implementation.msalextensions.CacheLock"
  langs:
  - "java"
  name: "unlock()"
  nameWithType: "CacheLock.unlock()"
  fullName: "com.azure.identity.implementation.msalextensions.CacheLock.unlock()"
  overload: "com.azure.identity.implementation.msalextensions.CacheLock.unlock*"
  type: "Method"
  package: "com.azure.identity.implementation.msalextensions"
  summary: "Tries to unlock the file lock"
  syntax:
    content: "public boolean unlock()"
    return:
      type: "boolean"
      description: "true if the file was unlocked, false otherwise"
references:
- uid: "java.lang.String"
  spec.java:
  - uid: "java.lang.String"
    name: "String"
    fullName: "java.lang.String"
- uid: "com.azure.identity.implementation.msalextensions.CacheLock.CacheLock*"
  name: "CacheLock"
  nameWithType: "CacheLock.CacheLock"
  fullName: "com.azure.identity.implementation.msalextensions.CacheLock.CacheLock"
  package: "com.azure.identity.implementation.msalextensions"
- uid: "com.azure.identity.implementation.msalextensions.CacheLockNotObtainedException"
  name: "CacheLockNotObtainedException"
  nameWithType: "CacheLockNotObtainedException"
  fullName: "com.azure.identity.implementation.msalextensions.CacheLockNotObtainedException"
- uid: "com.azure.identity.implementation.msalextensions.CacheLock.lock*"
  name: "lock"
  nameWithType: "CacheLock.lock"
  fullName: "com.azure.identity.implementation.msalextensions.CacheLock.lock"
  package: "com.azure.identity.implementation.msalextensions"
- uid: "boolean"
  spec.java:
  - uid: "boolean"
    name: "boolean"
    fullName: "boolean"
- uid: "com.azure.identity.implementation.msalextensions.CacheLock.unlock*"
  name: "unlock"
  nameWithType: "CacheLock.unlock"
  fullName: "com.azure.identity.implementation.msalextensions.CacheLock.unlock"
  package: "com.azure.identity.implementation.msalextensions"
- uid: "java.lang.Object.notify()"
  name: "Object.notify()"
  nameWithType: "Object.notify()"
  fullName: "java.lang.Object.notify()"
- uid: "java.lang.Object.wait()"
  name: "Object.wait()"
  nameWithType: "Object.wait()"
  fullName: "java.lang.Object.wait()"
- uid: "java.lang.Object.finalize()"
  name: "Object.finalize()"
  nameWithType: "Object.finalize()"
  fullName: "java.lang.Object.finalize()"
- uid: "java.lang.Object.clone()"
  name: "Object.clone()"
  nameWithType: "Object.clone()"
  fullName: "java.lang.Object.clone()"
- uid: "java.lang.Object.notifyAll()"
  name: "Object.notifyAll()"
  nameWithType: "Object.notifyAll()"
  fullName: "java.lang.Object.notifyAll()"
- uid: "java.lang.Object.equals(java.lang.Object)"
  name: "Object.equals(Object)"
  nameWithType: "Object.equals(Object)"
  fullName: "java.lang.Object.equals(java.lang.Object)"
- uid: "java.lang.Object.getClass()"
  name: "Object.getClass()"
  nameWithType: "Object.getClass()"
  fullName: "java.lang.Object.getClass()"
- uid: "java.lang.Object.wait(long)"
  name: "Object.wait(long)"
  nameWithType: "Object.wait(long)"
  fullName: "java.lang.Object.wait(long)"
- uid: "java.lang.Object.hashCode()"
  name: "Object.hashCode()"
  nameWithType: "Object.hashCode()"
  fullName: "java.lang.Object.hashCode()"
- uid: "java.lang.Object.wait(long,int)"
  name: "Object.wait(long,int)"
  nameWithType: "Object.wait(long,int)"
  fullName: "java.lang.Object.wait(long,int)"
- uid: "java.lang.Object.toString()"
  name: "Object.toString()"
  nameWithType: "Object.toString()"
  fullName: "java.lang.Object.toString()"
