### YamlMime:JavaMember
uid: "com.azure.messaging.servicebus.ServiceBusReceiverAsyncClient.renewSessionLock*"
fullName: "com.azure.messaging.servicebus.ServiceBusReceiverAsyncClient.renewSessionLock"
name: "renewSessionLock"
nameWithType: "ServiceBusReceiverAsyncClient.renewSessionLock"
members:
- uid: "com.azure.messaging.servicebus.ServiceBusReceiverAsyncClient.renewSessionLock()"
  fullName: "com.azure.messaging.servicebus.ServiceBusReceiverAsyncClient.renewSessionLock()"
  name: "renewSessionLock()"
  nameWithType: "ServiceBusReceiverAsyncClient.renewSessionLock()"
  summary: "Renews the session lock if this receiver is a session receiver."
  syntax: "public Mono<OffsetDateTime> renewSessionLock()"
  returns:
    description: "The next expiration time for the session lock."
    type: "<xref href=\"reactor.core.publisher.Mono?alt=reactor.core.publisher.Mono&text=Mono\" data-throw-if-not-resolved=\"False\" />&lt;<xref href=\"java.time.OffsetDateTime?alt=java.time.OffsetDateTime&text=OffsetDateTime\" data-throw-if-not-resolved=\"False\" />&gt;"
- uid: "com.azure.messaging.servicebus.ServiceBusReceiverAsyncClient.renewSessionLock(java.time.Duration)"
  fullName: "com.azure.messaging.servicebus.ServiceBusReceiverAsyncClient.renewSessionLock(Duration maxLockRenewalDuration)"
  name: "renewSessionLock(Duration maxLockRenewalDuration)"
  nameWithType: "ServiceBusReceiverAsyncClient.renewSessionLock(Duration maxLockRenewalDuration)"
  summary: "Starts the auto lock renewal for the session this receiver works for."
  parameters:
  - description: "Maximum duration to keep renewing the session lock."
    name: "maxLockRenewalDuration"
    type: "<xref href=\"java.time.Duration?alt=java.time.Duration&text=Duration\" data-throw-if-not-resolved=\"False\" />"
  syntax: "public Mono<Void> renewSessionLock(Duration maxLockRenewalDuration)"
  returns:
    description: "A lock renewal operation for the message."
    type: "<xref href=\"reactor.core.publisher.Mono?alt=reactor.core.publisher.Mono&text=Mono\" data-throw-if-not-resolved=\"False\" />&lt;<xref href=\"java.lang.Void?alt=java.lang.Void&text=Void\" data-throw-if-not-resolved=\"False\" />&gt;"
type: "method"
metadata: {}
package: "com.azure.messaging.servicebus"
artifact: com.azure:azure-messaging-servicebus:7.1.0
