### YamlMime:ManagedReference
items:
- uid: com.azure.storage.blob.models.Block
  id: Block
  artifact: com.azure:azure-storage-blob:12.9.0
  parent: com.azure.storage.blob.models
  children:
  - com.azure.storage.blob.models.Block.Block()
  - com.azure.storage.blob.models.Block.getName()
  - com.azure.storage.blob.models.Block.getSize()
  - com.azure.storage.blob.models.Block.getSizeLong()
  - com.azure.storage.blob.models.Block.setName(java.lang.String)
  - com.azure.storage.blob.models.Block.setSize(int)
  - com.azure.storage.blob.models.Block.setSizeLong(long)
  langs:
  - java
  name: Block
  nameWithType: Block
  fullName: com.azure.storage.blob.models.Block
  type: Class
  package: com.azure.storage.blob.models
  summary: Represents a single block in a block blob. It describes the block's ID and size.
  syntax:
    content: public final class Block
  inheritance:
  - java.lang.Object
  inheritedMembers:
  - java.lang.Object.clone()
  - java.lang.Object.equals(java.lang.Object)
  - java.lang.Object.finalize()
  - java.lang.Object.getClass()
  - java.lang.Object.hashCode()
  - java.lang.Object.notify()
  - java.lang.Object.notifyAll()
  - java.lang.Object.toString()
  - java.lang.Object.wait()
  - java.lang.Object.wait(long)
  - java.lang.Object.wait(long,int)
- uid: com.azure.storage.blob.models.Block.Block()
  id: Block()
  artifact: com.azure:azure-storage-blob:12.9.0
  parent: com.azure.storage.blob.models.Block
  langs:
  - java
  name: Block()
  nameWithType: Block.Block()
  fullName: com.azure.storage.blob.models.Block.Block()
  overload: com.azure.storage.blob.models.Block.Block*
  type: Constructor
  package: com.azure.storage.blob.models
  syntax:
    content: public Block()
- uid: com.azure.storage.blob.models.Block.getName()
  id: getName()
  artifact: com.azure:azure-storage-blob:12.9.0
  parent: com.azure.storage.blob.models.Block
  langs:
  - java
  name: getName()
  nameWithType: Block.getName()
  fullName: com.azure.storage.blob.models.Block.getName()
  overload: com.azure.storage.blob.models.Block.getName*
  type: Method
  package: com.azure.storage.blob.models
  summary: 'Get the name property: The base64 encoded block ID.'
  syntax:
    content: public String getName()
    return:
      type: java.lang.String
      description: the name value.
- uid: com.azure.storage.blob.models.Block.getSize()
  id: getSize()
  artifact: com.azure:azure-storage-blob:12.9.0
  parent: com.azure.storage.blob.models.Block
  langs:
  - java
  name: getSize()
  nameWithType: Block.getSize()
  fullName: com.azure.storage.blob.models.Block.getSize()
  overload: com.azure.storage.blob.models.Block.getSize*
  type: Method
  package: com.azure.storage.blob.models
  summary: 'Get the size property: The size property.'
  syntax:
    content: public int getSize()
    return:
      type: int
      description: the size value.
- uid: com.azure.storage.blob.models.Block.getSizeLong()
  id: getSizeLong()
  artifact: com.azure:azure-storage-blob:12.9.0
  parent: com.azure.storage.blob.models.Block
  langs:
  - java
  name: getSizeLong()
  nameWithType: Block.getSizeLong()
  fullName: com.azure.storage.blob.models.Block.getSizeLong()
  overload: com.azure.storage.blob.models.Block.getSizeLong*
  type: Method
  package: com.azure.storage.blob.models
  summary: 'Get the sizeLong property: The block size in bytes.'
  syntax:
    content: public long getSizeLong()
    return:
      type: long
      description: the sizeLong value.
- uid: com.azure.storage.blob.models.Block.setName(java.lang.String)
  id: setName(java.lang.String)
  artifact: com.azure:azure-storage-blob:12.9.0
  parent: com.azure.storage.blob.models.Block
  langs:
  - java
  name: setName(String name)
  nameWithType: Block.setName(String name)
  fullName: com.azure.storage.blob.models.Block.setName(String name)
  overload: com.azure.storage.blob.models.Block.setName*
  type: Method
  package: com.azure.storage.blob.models
  summary: 'Set the name property: The base64 encoded block ID.'
  syntax:
    content: public Block setName(String name)
    parameters:
    - id: name
      type: java.lang.String
      description: the name value to set.
    return:
      type: com.azure.storage.blob.models.Block
      description: the Block object itself.
- uid: com.azure.storage.blob.models.Block.setSize(int)
  id: setSize(int)
  artifact: com.azure:azure-storage-blob:12.9.0
  parent: com.azure.storage.blob.models.Block
  langs:
  - java
  name: setSize(int size)
  nameWithType: Block.setSize(int size)
  fullName: com.azure.storage.blob.models.Block.setSize(int size)
  overload: com.azure.storage.blob.models.Block.setSize*
  type: Method
  package: com.azure.storage.blob.models
  summary: 'Set the size property: The size property.'
  syntax:
    content: public Block setSize(int size)
    parameters:
    - id: size
      type: int
      description: the size value to set.
    return:
      type: com.azure.storage.blob.models.Block
      description: the Block object itself.
- uid: com.azure.storage.blob.models.Block.setSizeLong(long)
  id: setSizeLong(long)
  artifact: com.azure:azure-storage-blob:12.9.0
  parent: com.azure.storage.blob.models.Block
  langs:
  - java
  name: setSizeLong(long sizeLong)
  nameWithType: Block.setSizeLong(long sizeLong)
  fullName: com.azure.storage.blob.models.Block.setSizeLong(long sizeLong)
  overload: com.azure.storage.blob.models.Block.setSizeLong*
  type: Method
  package: com.azure.storage.blob.models
  summary: 'Set the sizeLong property: The block size in bytes.'
  syntax:
    content: public Block setSizeLong(long sizeLong)
    parameters:
    - id: sizeLong
      type: long
      description: the sizeLong value to set.
    return:
      type: com.azure.storage.blob.models.Block
      description: the Block object itself.
references:
- uid: com.azure.storage.blob.models.Block.Block*
  name: Block
  nameWithType: Block.Block
  fullName: com.azure.storage.blob.models.Block.Block
  package: com.azure.storage.blob.models
- uid: java.lang.String
  spec.java:
  - uid: java.lang.String
    name: String
    fullName: java.lang.String
- uid: com.azure.storage.blob.models.Block.getName*
  name: getName
  nameWithType: Block.getName
  fullName: com.azure.storage.blob.models.Block.getName
  package: com.azure.storage.blob.models
- uid: com.azure.storage.blob.models.Block.setName*
  name: setName
  nameWithType: Block.setName
  fullName: com.azure.storage.blob.models.Block.setName
  package: com.azure.storage.blob.models
- uid: long
  spec.java:
  - uid: long
    name: long
    fullName: long
- uid: com.azure.storage.blob.models.Block.getSizeLong*
  name: getSizeLong
  nameWithType: Block.getSizeLong
  fullName: com.azure.storage.blob.models.Block.getSizeLong
  package: com.azure.storage.blob.models
- uid: com.azure.storage.blob.models.Block.setSizeLong*
  name: setSizeLong
  nameWithType: Block.setSizeLong
  fullName: com.azure.storage.blob.models.Block.setSizeLong
  package: com.azure.storage.blob.models
- uid: int
  spec.java:
  - uid: int
    name: int
    fullName: int
- uid: com.azure.storage.blob.models.Block.getSize*
  name: getSize
  nameWithType: Block.getSize
  fullName: com.azure.storage.blob.models.Block.getSize
  package: com.azure.storage.blob.models
- uid: com.azure.storage.blob.models.Block.setSize*
  name: setSize
  nameWithType: Block.setSize
  fullName: com.azure.storage.blob.models.Block.setSize
  package: com.azure.storage.blob.models
- uid: java.lang.Object.notify()
  name: Object.notify()
  nameWithType: Object.notify()
  fullName: java.lang.Object.notify()
- uid: java.lang.Object.wait()
  name: Object.wait()
  nameWithType: Object.wait()
  fullName: java.lang.Object.wait()
- uid: java.lang.Object.finalize()
  name: Object.finalize()
  nameWithType: Object.finalize()
  fullName: java.lang.Object.finalize()
- uid: java.lang.Object.clone()
  name: Object.clone()
  nameWithType: Object.clone()
  fullName: java.lang.Object.clone()
- uid: java.lang.Object.notifyAll()
  name: Object.notifyAll()
  nameWithType: Object.notifyAll()
  fullName: java.lang.Object.notifyAll()
- uid: java.lang.Object.equals(java.lang.Object)
  name: Object.equals(Object)
  nameWithType: Object.equals(Object)
  fullName: java.lang.Object.equals(java.lang.Object)
- uid: java.lang.Object.getClass()
  name: Object.getClass()
  nameWithType: Object.getClass()
  fullName: java.lang.Object.getClass()
- uid: java.lang.Object.wait(long)
  name: Object.wait(long)
  nameWithType: Object.wait(long)
  fullName: java.lang.Object.wait(long)
- uid: java.lang.Object.hashCode()
  name: Object.hashCode()
  nameWithType: Object.hashCode()
  fullName: java.lang.Object.hashCode()
- uid: java.lang.Object.wait(long,int)
  name: Object.wait(long,int)
  nameWithType: Object.wait(long,int)
  fullName: java.lang.Object.wait(long,int)
- uid: java.lang.Object.toString()
  name: Object.toString()
  nameWithType: Object.toString()
  fullName: java.lang.Object.toString()
